{
  "version": 4,
  "terraform_version": "1.0.9",
  "serial": 37,
  "lineage": "0ccf5f2c-3ba6-aaa1-e4b9-3b78474f6f9c",
  "outputs": {
    "firewall_ports": {
      "value": [
        {
          "ports": [
            "80"
          ],
          "protocol": "tcp"
        }
      ],
      "type": [
        "set",
        [
          "object",
          {
            "ports": [
              "list",
              "string"
            ],
            "protocol": "string"
          }
        ]
      ]
    },
    "name": {
      "value": "chapter1-instance",
      "type": "string"
    },
    "public_ip": {
      "value": "34.145.228.99",
      "type": "string"
    },
    "size": {
      "value": "n1-standard-1",
      "type": "string"
    }
  },
  "resources": [
    {
      "mode": "managed",
      "type": "google_compute_firewall",
      "name": "cp1_firewall",
      "provider": "provider[\"registry.terraform.io/hashicorp/google\"]",
      "instances": [
        {
          "schema_version": 1,
          "attributes": {
            "allow": [
              {
                "ports": [
                  "80"
                ],
                "protocol": "tcp"
              }
            ],
            "creation_timestamp": "2021-10-21T10:12:07.509-07:00",
            "deny": [],
            "description": "",
            "destination_ranges": [],
            "direction": "INGRESS",
            "disabled": false,
            "enable_logging": null,
            "id": "projects/terraform-gcp-329700/global/firewalls/chapter1-firewall",
            "log_config": [],
            "name": "chapter1-firewall",
            "network": "https://www.googleapis.com/compute/v1/projects/terraform-gcp-329700/global/networks/default",
            "priority": 1000,
            "project": "terraform-gcp-329700",
            "self_link": "https://www.googleapis.com/compute/v1/projects/terraform-gcp-329700/global/firewalls/chapter1-firewall",
            "source_ranges": [
              "0.0.0.0/0"
            ],
            "source_service_accounts": [],
            "source_tags": [],
            "target_service_accounts": [],
            "target_tags": [],
            "timeouts": null
          },
          "sensitive_attributes": [],
          "private": "eyJlMmJmYjczMC1lY2FhLTExZTYtOGY4OC0zNDM2M2JjN2M0YzAiOnsiY3JlYXRlIjoyNDAwMDAwMDAwMDAsImRlbGV0ZSI6MjQwMDAwMDAwMDAwLCJ1cGRhdGUiOjI0MDAwMDAwMDAwMH0sInNjaGVtYV92ZXJzaW9uIjoiMSJ9"
        }
      ]
    },
    {
      "mode": "managed",
      "type": "google_compute_instance",
      "name": "chapter1",
      "provider": "provider[\"registry.terraform.io/hashicorp/google\"]",
      "instances": [
        {
          "schema_version": 6,
          "attributes": {
            "advanced_machine_features": [],
            "allow_stopping_for_update": null,
            "attached_disk": [],
            "boot_disk": [
              {
                "auto_delete": true,
                "device_name": "persistent-disk-0",
                "disk_encryption_key_raw": "",
                "disk_encryption_key_sha256": "",
                "initialize_params": [
                  {
                    "image": "https://www.googleapis.com/compute/v1/projects/ubuntu-os-cloud/global/images/ubuntu-1804-bionic-v20210928",
                    "labels": {},
                    "size": 10,
                    "type": "pd-standard"
                  }
                ],
                "kms_key_self_link": "",
                "mode": "READ_WRITE",
                "source": "https://www.googleapis.com/compute/v1/projects/terraform-gcp-329700/zones/us-east4-a/disks/chapter1-instance"
              }
            ],
            "can_ip_forward": false,
            "confidential_instance_config": [],
            "cpu_platform": "Intel Broadwell",
            "current_status": "RUNNING",
            "deletion_protection": false,
            "description": "",
            "desired_status": null,
            "enable_display": false,
            "guest_accelerator": [],
            "hostname": "",
            "id": "projects/terraform-gcp-329700/zones/us-east4-a/instances/chapter1-instance",
            "instance_id": "5499226792728157342",
            "label_fingerprint": "42WmSpB8rSM=",
            "labels": {},
            "machine_type": "n1-standard-1",
            "metadata": {},
            "metadata_fingerprint": "FzhlVSfyIUo=",
            "metadata_startup_script": "sudo apt-get update; sudo apt-get install apache2 -y; echo Testando \u003e /var/www/html/index.html",
            "min_cpu_platform": "",
            "name": "chapter1-instance",
            "network_interface": [
              {
                "access_config": [
                  {
                    "nat_ip": "34.145.228.99",
                    "network_tier": "PREMIUM",
                    "public_ptr_domain_name": ""
                  }
                ],
                "alias_ip_range": [],
                "ipv6_access_config": [],
                "ipv6_access_type": "",
                "name": "nic0",
                "network": "https://www.googleapis.com/compute/v1/projects/terraform-gcp-329700/global/networks/default",
                "network_ip": "10.150.0.9",
                "nic_type": "",
                "stack_type": "IPV4_ONLY",
                "subnetwork": "https://www.googleapis.com/compute/v1/projects/terraform-gcp-329700/regions/us-east4/subnetworks/default",
                "subnetwork_project": "terraform-gcp-329700"
              }
            ],
            "project": "terraform-gcp-329700",
            "reservation_affinity": [],
            "resource_policies": [],
            "scheduling": [
              {
                "automatic_restart": true,
                "min_node_cpus": 0,
                "node_affinities": [],
                "on_host_maintenance": "MIGRATE",
                "preemptible": false
              }
            ],
            "scratch_disk": [],
            "self_link": "https://www.googleapis.com/compute/v1/projects/terraform-gcp-329700/zones/us-east4-a/instances/chapter1-instance",
            "service_account": [],
            "shielded_instance_config": [
              {
                "enable_integrity_monitoring": true,
                "enable_secure_boot": false,
                "enable_vtpm": true
              }
            ],
            "tags": [],
            "tags_fingerprint": "42WmSpB8rSM=",
            "timeouts": null,
            "zone": "us-east4-a"
          },
          "sensitive_attributes": [],
          "private": "eyJlMmJmYjczMC1lY2FhLTExZTYtOGY4OC0zNDM2M2JjN2M0YzAiOnsiY3JlYXRlIjoxMjAwMDAwMDAwMDAwLCJkZWxldGUiOjEyMDAwMDAwMDAwMDAsInVwZGF0ZSI6MTIwMDAwMDAwMDAwMH0sInNjaGVtYV92ZXJzaW9uIjoiNiJ9"
        }
      ]
    }
  ]
}
