{
  "version": 4,
  "terraform_version": "1.0.9",
  "serial": 6,
  "lineage": "8dce9cf6-6f37-728e-750b-9801fe758de4",
  "outputs": {
    "kubernetes_cluster_host": {
      "value": "34.86.125.163",
      "type": "string",
      "sensitive": true
    },
    "kubernetes_cluster_name": {
      "value": "terraform-gcp-329700-gke",
      "type": "string",
      "sensitive": true
    },
    "project_id": {
      "value": "terraform-gcp-329700",
      "type": "string",
      "sensitive": true
    },
    "region": {
      "value": "us-east4",
      "type": "string"
    }
  },
  "resources": [
    {
      "mode": "managed",
      "type": "google_compute_network",
      "name": "vpc",
      "provider": "provider[\"registry.terraform.io/hashicorp/google\"]",
      "instances": [
        {
          "schema_version": 0,
          "attributes": {
            "auto_create_subnetworks": false,
            "delete_default_routes_on_create": false,
            "description": "",
            "gateway_ipv4": "",
            "id": "projects/terraform-gcp-329700/global/networks/terraform-gcp-329700-vpc",
            "mtu": 0,
            "name": "terraform-gcp-329700-vpc",
            "project": "terraform-gcp-329700",
            "routing_mode": "REGIONAL",
            "self_link": "https://www.googleapis.com/compute/v1/projects/terraform-gcp-329700/global/networks/terraform-gcp-329700-vpc",
            "timeouts": null
          },
          "sensitive_attributes": [
            [
              {
                "type": "get_attr",
                "value": "name"
              }
            ]
          ],
          "private": "eyJlMmJmYjczMC1lY2FhLTExZTYtOGY4OC0zNDM2M2JjN2M0YzAiOnsiY3JlYXRlIjoyNDAwMDAwMDAwMDAsImRlbGV0ZSI6MjQwMDAwMDAwMDAwLCJ1cGRhdGUiOjI0MDAwMDAwMDAwMH19"
        }
      ]
    },
    {
      "mode": "managed",
      "type": "google_compute_subnetwork",
      "name": "subnet",
      "provider": "provider[\"registry.terraform.io/hashicorp/google\"]",
      "instances": [
        {
          "schema_version": 0,
          "attributes": {
            "creation_timestamp": "2021-10-25T06:34:36.724-07:00",
            "description": "",
            "fingerprint": null,
            "gateway_address": "10.10.0.1",
            "id": "projects/terraform-gcp-329700/regions/us-east4/subnetworks/terraform-gcp-329700-subnet",
            "ip_cidr_range": "10.10.0.0/24",
            "log_config": [],
            "name": "terraform-gcp-329700-subnet",
            "network": "https://www.googleapis.com/compute/v1/projects/terraform-gcp-329700/global/networks/terraform-gcp-329700-vpc",
            "private_ip_google_access": false,
            "private_ipv6_google_access": "DISABLE_GOOGLE_ACCESS",
            "project": "terraform-gcp-329700",
            "region": "us-east4",
            "secondary_ip_range": [],
            "self_link": "https://www.googleapis.com/compute/v1/projects/terraform-gcp-329700/regions/us-east4/subnetworks/terraform-gcp-329700-subnet",
            "timeouts": null
          },
          "sensitive_attributes": [
            [
              {
                "type": "get_attr",
                "value": "name"
              }
            ],
            [
              {
                "type": "get_attr",
                "value": "network"
              }
            ]
          ],
          "private": "eyJlMmJmYjczMC1lY2FhLTExZTYtOGY4OC0zNDM2M2JjN2M0YzAiOnsiY3JlYXRlIjozNjAwMDAwMDAwMDAsImRlbGV0ZSI6MzYwMDAwMDAwMDAwLCJ1cGRhdGUiOjM2MDAwMDAwMDAwMH19",
          "dependencies": [
            "google_compute_network.vpc"
          ]
        }
      ]
    },
    {
      "mode": "managed",
      "type": "google_container_cluster",
      "name": "test_cluster",
      "provider": "provider[\"registry.terraform.io/hashicorp/google\"]",
      "instances": [
        {
          "schema_version": 1,
          "attributes": {
            "addons_config": [
              {
                "cloudrun_config": [],
                "horizontal_pod_autoscaling": [],
                "http_load_balancing": [],
                "network_policy_config": [
                  {
                    "disabled": true
                  }
                ]
              }
            ],
            "authenticator_groups_config": [],
            "cluster_autoscaling": [
              {
                "auto_provisioning_defaults": [],
                "enabled": false,
                "resource_limits": []
              }
            ],
            "cluster_ipv4_cidr": "10.24.0.0/14",
            "database_encryption": [
              {
                "key_name": "",
                "state": "DECRYPTED"
              }
            ],
            "default_max_pods_per_node": null,
            "description": "",
            "enable_binary_authorization": false,
            "enable_intranode_visibility": null,
            "enable_kubernetes_alpha": false,
            "enable_legacy_abac": false,
            "enable_shielded_nodes": false,
            "enable_tpu": null,
            "endpoint": "34.86.125.163",
            "id": "projects/terraform-gcp-329700/locations/us-east4/clusters/terraform-gcp-329700-gke",
            "initial_node_count": 1,
            "instance_group_urls": [],
            "ip_allocation_policy": [],
            "label_fingerprint": "a9dc16a7",
            "location": "us-east4",
            "logging_service": "logging.googleapis.com/kubernetes",
            "maintenance_policy": [],
            "master_auth": [
              {
                "client_certificate": "",
                "client_certificate_config": [
                  {
                    "issue_client_certificate": false
                  }
                ],
                "client_key": "",
                "cluster_ca_certificate": "LS0tLS1CRUdJTiBDRVJUSUZJQ0FURS0tLS0tCk1JSUVMVENDQXBXZ0F3SUJBZ0lSQUk5dmMraHpSQTkram95Y2lVbXZlcW93RFFZSktvWklodmNOQVFFTEJRQXcKTHpFdE1Dc0dBMVVFQXhNa05HVXdNVGN4TXpFdE1EazJOUzAwWlROaExXRTVZMkV0WWpJMk0yUmtObU01TnpBdwpNQ0FYRFRJeE1UQXlOVEV5TXpRMU5sb1lEekl3TlRFeE1ERTRNVE16TkRVMldqQXZNUzB3S3dZRFZRUURFeVEwClpUQXhOekV6TVMwd09UWTFMVFJsTTJFdFlUbGpZUzFpTWpZelpHUTJZemszTURBd2dnR2lNQTBHQ1NxR1NJYjMKRFFFQkFRVUFBNElCandBd2dnR0tBb0lCZ1FDVWcwRk4yS1pjWHBPYmF2dTNpbGluanMzVEEweG1maE1qR0phNQphNnBKU3RoNjMrMis3Sm1RdUVudG1ObkFiM2h5UU5PekNBMFlTVklSQ2U5Vy96WWk5bDJuelJjNnFiSVUveW1YCnF6b2FJaFdNSkYrQ3cwMGUxOVM3ZlU5c0VtUDQ3MVdTYVZIZlRWWlJwbmRCK21RNnBRbXMvNFlpSGthQVdQUXMKcENRQ0h6N2YzVkh2VktSa3Uvd3FzU1NwZmJwNFZJNWtMRmx2OVVWbWtib1dJY1EzeXByaFhrSnNqNkV5M1NzVgpWTTArNTlsZC9lZGxWblBTeVB0QkIzell0cWdWY1Q2RVpTY0VrbUNQcjh2UzFCRERza1huZ3BYVldrUjRJSmlkCi91R2tmbHhCMkZzbGZGVUQ4MDIvWUFUTk02TTR6bWVqNEpPRVR4Mkk3Zzd5VVNUbjJpK1hhZ3VUUmQrR1FKMXkKeUNKZVJmTytHaFZ2YjRZTlNtTVR6NHc0Nk15RVczVllLK2lWQ3pGWHZ5aml1czNMdGZuU052dDdrWmk5L3BFegpoZjltbCt2a1dldTI1YVUvT3IvcmVOZUZGVndQRjgzMFlxY3RFNmZmdkZnTnZhbmxYbHNCaHFJcnhiZkM5bVVsCmhDZFVqM0pFcmtNaDE0SWtncTdKM0ZBUHExc0NBd0VBQWFOQ01FQXdEZ1lEVlIwUEFRSC9CQVFEQWdJRU1BOEcKQTFVZEV3RUIvd1FGTUFNQkFmOHdIUVlEVlIwT0JCWUVGQWpzTGtrYmxnbkdvaUNsYTBISHE1RVNmQzV2TUEwRwpDU3FHU0liM0RRRUJDd1VBQTRJQmdRQm1IMVpTSFBBNXNIQVhidnF1aGZyTnRaUklXNGlNNzNYdU5FR1p4VTV0CnJUVjQ3TUJGbW1pV1FibEZxTGRsMytsRHRpd05NeW9CNzR2MUFkTzJ2Vnpiemw5OXA3SmRacDJPUW0ybnJ1MkwKSnlqRDhjRkIyUldSakZubjR6SGI0OVdMM1hEalREOTgyRkIxeTc0UTBzVDV4T1RuV3gzTE9kRlZ4TWt1Mi9rbQphTnQ4QUVMVHdRSGlkbm1iQVZLWmkrOVpXMEVxNHNxMmYxWTNRbWl2eE55UzRpcklKUStqdThiT0VJcFNpKzB2ClNXc2NVdWxIemhuK0FhOEovQWRZYjBuVGRSN2xGdGcwYld2c3QvWDZuWmUwc2U5cUxYQ3ZNUjBFVmt6c1pDUDYKdkp6Q2kyTXNad2lGRlZaN3dBV0JUSW9zbG1ESEZoNlplamJUU2lOaklMYzlRWXZtZHQwenU3UTQvSEQwQlVTZwpJWG5vQ1RvMVR6N3dhc3VQS0I1alBXQ05yTytCcktNaXIvSyswbUFMQTFlaUh2NVFIY0lJbUhCbW9OVzIyOW1YCklWNUJKY3NvUUs0WkdLaVVWbzFDd2ZVdCtwakk4QUlTcGluUE16bWlhODlBak5pbUN5aHp5UnZscWY3SU9vcUgKazg1SlRuUWFZd2lLUmxWeWhwTFBoSGs9Ci0tLS0tRU5EIENFUlRJRklDQVRFLS0tLS0K",
                "password": "",
                "username": ""
              }
            ],
            "master_authorized_networks_config": [],
            "master_version": "1.20.10-gke.301",
            "min_master_version": null,
            "monitoring_service": "monitoring.googleapis.com/kubernetes",
            "name": "terraform-gcp-329700-gke",
            "network": "projects/terraform-gcp-329700/global/networks/terraform-gcp-329700-vpc",
            "network_policy": [
              {
                "enabled": false,
                "provider": "PROVIDER_UNSPECIFIED"
              }
            ],
            "node_config": [],
            "node_locations": [
              "us-east4-a",
              "us-east4-b",
              "us-east4-c"
            ],
            "node_pool": [],
            "node_version": "1.20.10-gke.301",
            "operation": null,
            "pod_security_policy_config": [],
            "private_cluster_config": [],
            "project": "terraform-gcp-329700",
            "release_channel": [
              {
                "channel": "REGULAR"
              }
            ],
            "remove_default_node_pool": true,
            "resource_labels": null,
            "resource_usage_export_config": [],
            "self_link": "https://container.googleapis.com/v1beta1/projects/terraform-gcp-329700/locations/us-east4/clusters/terraform-gcp-329700-gke",
            "services_ipv4_cidr": "10.27.240.0/20",
            "subnetwork": "projects/terraform-gcp-329700/regions/us-east4/subnetworks/terraform-gcp-329700-subnet",
            "timeouts": null,
            "vertical_pod_autoscaling": [],
            "workload_identity_config": []
          },
          "sensitive_attributes": [
            [
              {
                "type": "get_attr",
                "value": "network"
              }
            ],
            [
              {
                "type": "get_attr",
                "value": "name"
              }
            ],
            [
              {
                "type": "get_attr",
                "value": "subnetwork"
              }
            ]
          ],
          "private": "eyJlMmJmYjczMC1lY2FhLTExZTYtOGY4OC0zNDM2M2JjN2M0YzAiOnsiY3JlYXRlIjoyNDAwMDAwMDAwMDAwLCJkZWxldGUiOjI0MDAwMDAwMDAwMDAsInJlYWQiOjI0MDAwMDAwMDAwMDAsInVwZGF0ZSI6MzYwMDAwMDAwMDAwMH0sInNjaGVtYV92ZXJzaW9uIjoiMSJ9",
          "dependencies": [
            "google_compute_network.vpc",
            "google_compute_subnetwork.subnet"
          ]
        }
      ]
    },
    {
      "mode": "managed",
      "type": "google_container_node_pool",
      "name": "nodes_primarios",
      "provider": "provider[\"registry.terraform.io/hashicorp/google\"]",
      "instances": [
        {
          "schema_version": 1,
          "attributes": {
            "autoscaling": [],
            "cluster": "terraform-gcp-329700-gke",
            "id": "projects/terraform-gcp-329700/locations/us-east4/clusters/terraform-gcp-329700-gke/nodePools/terraform-gcp-329700-gke-node-pool",
            "initial_node_count": 1,
            "instance_group_urls": [
              "https://www.googleapis.com/compute/v1/projects/terraform-gcp-329700/zones/us-east4-a/instanceGroupManagers/gke-terraform-gcp-32-terraform-gcp-32-00976dbb-grp",
              "https://www.googleapis.com/compute/v1/projects/terraform-gcp-329700/zones/us-east4-c/instanceGroupManagers/gke-terraform-gcp-32-terraform-gcp-32-027c4f67-grp",
              "https://www.googleapis.com/compute/v1/projects/terraform-gcp-329700/zones/us-east4-b/instanceGroupManagers/gke-terraform-gcp-32-terraform-gcp-32-81b1bd4e-grp"
            ],
            "location": "us-east4",
            "management": [
              {
                "auto_repair": true,
                "auto_upgrade": true
              }
            ],
            "max_pods_per_node": null,
            "name": "terraform-gcp-329700-gke-node-pool",
            "name_prefix": "",
            "node_config": [
              {
                "disk_size_gb": 100,
                "disk_type": "pd-standard",
                "guest_accelerator": [],
                "image_type": "COS_CONTAINERD",
                "labels": {
                  "env": "terraform-gcp-329700"
                },
                "local_ssd_count": 0,
                "machine_type": "e2-standard-2",
                "metadata": {
                  "disable-legacy-endpoints": "true"
                },
                "min_cpu_platform": "",
                "oauth_scopes": [
                  "https://www.googleapis.com/auth/logging.write",
                  "https://www.googleapis.com/auth/monitoring"
                ],
                "preemptible": false,
                "service_account": "default",
                "shielded_instance_config": [
                  {
                    "enable_integrity_monitoring": true,
                    "enable_secure_boot": false
                  }
                ],
                "tags": [
                  "gke-node",
                  "terraform-gcp-329700-gke"
                ],
                "taint": [],
                "workload_metadata_config": []
              }
            ],
            "node_count": 1,
            "node_locations": [
              "us-east4-a",
              "us-east4-b",
              "us-east4-c"
            ],
            "project": "terraform-gcp-329700",
            "timeouts": null,
            "upgrade_settings": [
              {
                "max_surge": 1,
                "max_unavailable": 0
              }
            ],
            "version": "1.20.10-gke.301"
          },
          "sensitive_attributes": [
            [
              {
                "type": "get_attr",
                "value": "name"
              }
            ],
            [
              {
                "type": "get_attr",
                "value": "node_config"
              },
              {
                "type": "index",
                "value": {
                  "value": 0,
                  "type": "number"
                }
              },
              {
                "type": "get_attr",
                "value": "labels"
              },
              {
                "type": "index",
                "value": {
                  "value": "env",
                  "type": "string"
                }
              }
            ],
            [
              {
                "type": "get_attr",
                "value": "node_config"
              },
              {
                "type": "index",
                "value": {
                  "value": 0,
                  "type": "number"
                }
              },
              {
                "type": "get_attr",
                "value": "tags"
              },
              {
                "type": "index",
                "value": {
                  "value": 1,
                  "type": "number"
                }
              }
            ],
            [
              {
                "type": "get_attr",
                "value": "cluster"
              }
            ]
          ],
          "private": "eyJlMmJmYjczMC1lY2FhLTExZTYtOGY4OC0zNDM2M2JjN2M0YzAiOnsiY3JlYXRlIjoxODAwMDAwMDAwMDAwLCJkZWxldGUiOjE4MDAwMDAwMDAwMDAsInVwZGF0ZSI6MTgwMDAwMDAwMDAwMH0sInNjaGVtYV92ZXJzaW9uIjoiMSJ9",
          "dependencies": [
            "google_compute_network.vpc",
            "google_compute_subnetwork.subnet",
            "google_container_cluster.test_cluster"
          ]
        }
      ]
    }
  ]
}
