{
  "version": 4,
  "terraform_version": "1.0.9",
  "serial": 29,
  "lineage": "e6a60761-e253-3193-52c2-23c032a8ee4a",
  "outputs": {
    "kubernetes_cluster_host": {
      "value": "35.199.53.141",
      "type": "string",
      "sensitive": true
    },
    "kubernetes_cluster_name": {
      "value": "terraform-gcp-329700-test-3",
      "type": "string",
      "sensitive": true
    },
    "project_id": {
      "value": "terraform-gcp-329700",
      "type": "string",
      "sensitive": true
    },
    "region": {
      "value": "us-east4",
      "type": "string"
    }
  },
  "resources": [
    {
      "mode": "managed",
      "type": "google_compute_network",
      "name": "vpc-3",
      "provider": "provider[\"registry.terraform.io/hashicorp/google\"]",
      "instances": [
        {
          "schema_version": 0,
          "attributes": {
            "auto_create_subnetworks": false,
            "delete_default_routes_on_create": false,
            "description": "",
            "gateway_ipv4": "",
            "id": "projects/terraform-gcp-329700/global/networks/terraform-gcp-329700-vpc3",
            "mtu": 0,
            "name": "terraform-gcp-329700-vpc3",
            "project": "terraform-gcp-329700",
            "routing_mode": "REGIONAL",
            "self_link": "https://www.googleapis.com/compute/v1/projects/terraform-gcp-329700/global/networks/terraform-gcp-329700-vpc3",
            "timeouts": null
          },
          "sensitive_attributes": [
            [
              {
                "type": "get_attr",
                "value": "name"
              }
            ]
          ],
          "private": "eyJlMmJmYjczMC1lY2FhLTExZTYtOGY4OC0zNDM2M2JjN2M0YzAiOnsiY3JlYXRlIjoyNDAwMDAwMDAwMDAsImRlbGV0ZSI6MjQwMDAwMDAwMDAwLCJ1cGRhdGUiOjI0MDAwMDAwMDAwMH19"
        }
      ]
    },
    {
      "mode": "managed",
      "type": "google_compute_subnetwork",
      "name": "subnet-3",
      "provider": "provider[\"registry.terraform.io/hashicorp/google\"]",
      "instances": [
        {
          "schema_version": 0,
          "attributes": {
            "creation_timestamp": "2021-11-09T10:22:28.395-08:00",
            "description": "",
            "fingerprint": null,
            "gateway_address": "10.10.0.1",
            "id": "projects/terraform-gcp-329700/regions/us-east4/subnetworks/terraform-gcp-329700-subnet3",
            "ip_cidr_range": "10.10.0.0/24",
            "log_config": [],
            "name": "terraform-gcp-329700-subnet3",
            "network": "https://www.googleapis.com/compute/v1/projects/terraform-gcp-329700/global/networks/terraform-gcp-329700-vpc3",
            "private_ip_google_access": false,
            "private_ipv6_google_access": "DISABLE_GOOGLE_ACCESS",
            "project": "terraform-gcp-329700",
            "region": "us-east4",
            "secondary_ip_range": [],
            "self_link": "https://www.googleapis.com/compute/v1/projects/terraform-gcp-329700/regions/us-east4/subnetworks/terraform-gcp-329700-subnet3",
            "timeouts": null
          },
          "sensitive_attributes": [
            [
              {
                "type": "get_attr",
                "value": "network"
              }
            ],
            [
              {
                "type": "get_attr",
                "value": "name"
              }
            ]
          ],
          "private": "eyJlMmJmYjczMC1lY2FhLTExZTYtOGY4OC0zNDM2M2JjN2M0YzAiOnsiY3JlYXRlIjozNjAwMDAwMDAwMDAsImRlbGV0ZSI6MzYwMDAwMDAwMDAwLCJ1cGRhdGUiOjM2MDAwMDAwMDAwMH19",
          "dependencies": [
            "google_compute_network.vpc-3"
          ]
        }
      ]
    },
    {
      "mode": "managed",
      "type": "google_container_cluster",
      "name": "cluster-test-3",
      "provider": "provider[\"registry.terraform.io/hashicorp/google\"]",
      "instances": [
        {
          "schema_version": 1,
          "attributes": {
            "addons_config": [
              {
                "cloudrun_config": [],
                "horizontal_pod_autoscaling": [],
                "http_load_balancing": [],
                "network_policy_config": [
                  {
                    "disabled": true
                  }
                ]
              }
            ],
            "authenticator_groups_config": [],
            "cluster_autoscaling": [
              {
                "auto_provisioning_defaults": [],
                "enabled": false,
                "resource_limits": []
              }
            ],
            "cluster_ipv4_cidr": "10.36.0.0/14",
            "database_encryption": [
              {
                "key_name": "",
                "state": "DECRYPTED"
              }
            ],
            "default_max_pods_per_node": null,
            "description": "",
            "enable_binary_authorization": false,
            "enable_intranode_visibility": null,
            "enable_kubernetes_alpha": false,
            "enable_legacy_abac": false,
            "enable_shielded_nodes": false,
            "enable_tpu": null,
            "endpoint": "35.199.53.141",
            "id": "projects/terraform-gcp-329700/locations/us-east4-a/clusters/terraform-gcp-329700-test-3",
            "initial_node_count": 1,
            "instance_group_urls": [],
            "ip_allocation_policy": [],
            "label_fingerprint": "a9dc16a7",
            "location": "us-east4-a",
            "logging_service": "logging.googleapis.com/kubernetes",
            "maintenance_policy": [],
            "master_auth": [
              {
                "client_certificate": "",
                "client_certificate_config": [
                  {
                    "issue_client_certificate": false
                  }
                ],
                "client_key": "",
                "cluster_ca_certificate": "LS0tLS1CRUdJTiBDRVJUSUZJQ0FURS0tLS0tCk1JSUVMRENDQXBTZ0F3SUJBZ0lRRmR1aEkrSkFrbkpJNVQ0azlwOUhSVEFOQmdrcWhraUc5dzBCQVFzRkFEQXYKTVMwd0t3WURWUVFERXlSbFlUQmpOek0xWXkwMVlXRmlMVFJrTTJFdE9XUXlNeTAxTXpjek5qY3laV0ZpWVdZdwpJQmNOTWpFeE1UQTVNVGN5TWpRMVdoZ1BNakExTVRFeE1ESXhPREl5TkRWYU1DOHhMVEFyQmdOVkJBTVRKR1ZoCk1HTTNNelZqTFRWaFlXSXROR1F6WVMwNVpESXpMVFV6TnpNMk56SmxZV0poWmpDQ0FhSXdEUVlKS29aSWh2Y04KQVFFQkJRQURnZ0dQQURDQ0FZb0NnZ0dCQUtzcXZCWkpVNVFXVTlMN2UyVDR0SVJNcWQwaFVyM2hROGJEbXE4MAppMEVpZWFzVVN0RitVcDR6SEQ3TnRHd0RKd3p6UEZCVE4zZVNlQ1ROaVJPR2Rva0hqTWY2eXRUZDZhQzNFeTFDCnRaK20ySUhXYmpoZ3IxSWM4M3dVUDhxREcyY2YveEdlZXdRc1NyM0ZGU1hsS0pZLzFlMXY2eGc3L091RkdhWmkKeExjWUVMVURzeXZpcEJaU0RuVnJabjhlcmVHQnZEb1JVcEpZNTVFYWk0bWZTMXJlZ3ZkcTV4MFh0K0ZWblRpVQpxSGNMMGl6eDVKSVM0Rm1tYUdaUEtaKzVkdW82Z2NJQmZxTWg2cU1INTVaZ0EzbGpYcnAxakFiZ3pDdFk1OEhiCnNwaG9pRmFseEh5T1hBUklrdFg5TVJJdXZLb0pGL2JNQStEM2c3MURRVVRkYVQ3bkNrYzFuVVB4WkZnbHI1NFQKUXhJSDFMQXphVnJ3Y1NEcUZ5QUdiMzFONUxnS3JldWdlNmVzd1RqOFVOUUVTUDhQUit1Y0tXMDRDNFNvM0JmUApyUnVtVGVSbHdQdE42b3VmUFNvelg5L1F4T0VhVzVhQWpObzZ0OUpyeG9ZbnQzTWR5RWZOUWd4QmJNb0xrbUh5ClVoYTVLVWxkSzJoMnRXZEc4MWVNRzR4Z0d3SURBUUFCbzBJd1FEQU9CZ05WSFE4QkFmOEVCQU1DQWdRd0R3WUQKVlIwVEFRSC9CQVV3QXdFQi96QWRCZ05WSFE0RUZnUVVZaFdNYTMyczBnYldLblpseC85WHdKNktaL2N3RFFZSgpLb1pJaHZjTkFRRUxCUUFEZ2dHQkFKTHZvTytmV2MrcTROWHBNYzczT202Qjg4Y3picUJpNEx2MUk3aDZkVmVKCjBuV1cvZW1rS20rZ1BUV0k1dnZ2WWZTak0rWVJhQVBkbVRoeTZqdzZSTjZTemYyUXVCZDlFcEQ0RFJCNjl3UngKY2JPLzVNVVBpSHFONnhkeWc5TndMUjRkK2ZWSUdXRW11K1h4ZjJxMVloWXUvY1pMNElKdTdTMitLRzB0cWd1WAoydjBEcm1MU0tGWjh3WjZmTlBXNnRMTXRsMEVEK0hlL2VXd2FDSmdzSnU2UGdYd29KSnVKcE9FQUp4Qi9vVWNnCjdjanAwME5mMnd4dzRxelVIVjBYd0wwcndVTjZVSW1GWkMxQzYwOUlRY3NxSUZLcTZTbGRPYVY1NE1mVU1pcGMKb2NKR0RvN05iYmFsb0JoVlJoaDMzUUYyc1dLVU1NZllxZFUraU1FODc3azJuRVY5MlBwbkwrMEpnVStMQTAvQQorcW9TdkNTNzVNUWhpelNsSnlyWmZGcEd2VDdmNWgyaVhjcG5EQ3d5N1hIVy9CV09YSXY5UmgvTEFwY00zZUMzCmNHYUNYRnpEZXNZRGpkOXU0TDRmWU9tMlU3U1E3dmF2WmJaWDEzRTNJRmtYS0JBdi9BSzNpazFWdkFaSlpPc24KVExFbXIyZi9PMlBIemFYUHJhR21Edz09Ci0tLS0tRU5EIENFUlRJRklDQVRFLS0tLS0K",
                "password": "",
                "username": ""
              }
            ],
            "master_authorized_networks_config": [],
            "master_version": "1.20.10-gke.1600",
            "min_master_version": null,
            "monitoring_service": "monitoring.googleapis.com/kubernetes",
            "name": "terraform-gcp-329700-test-3",
            "network": "projects/terraform-gcp-329700/global/networks/terraform-gcp-329700-vpc3",
            "network_policy": [
              {
                "enabled": false,
                "provider": "PROVIDER_UNSPECIFIED"
              }
            ],
            "node_config": [],
            "node_locations": [],
            "node_pool": [],
            "node_version": "1.20.10-gke.1600",
            "operation": null,
            "pod_security_policy_config": [],
            "private_cluster_config": [],
            "project": "terraform-gcp-329700",
            "release_channel": [
              {
                "channel": "REGULAR"
              }
            ],
            "remove_default_node_pool": true,
            "resource_labels": null,
            "resource_usage_export_config": [],
            "self_link": "https://container.googleapis.com/v1beta1/projects/terraform-gcp-329700/zones/us-east4-a/clusters/terraform-gcp-329700-test-3",
            "services_ipv4_cidr": "10.39.240.0/20",
            "subnetwork": "projects/terraform-gcp-329700/regions/us-east4/subnetworks/terraform-gcp-329700-subnet3",
            "timeouts": null,
            "vertical_pod_autoscaling": [],
            "workload_identity_config": []
          },
          "sensitive_attributes": [
            [
              {
                "type": "get_attr",
                "value": "network"
              }
            ],
            [
              {
                "type": "get_attr",
                "value": "subnetwork"
              }
            ],
            [
              {
                "type": "get_attr",
                "value": "name"
              }
            ]
          ],
          "private": "eyJlMmJmYjczMC1lY2FhLTExZTYtOGY4OC0zNDM2M2JjN2M0YzAiOnsiY3JlYXRlIjoyNDAwMDAwMDAwMDAwLCJkZWxldGUiOjI0MDAwMDAwMDAwMDAsInJlYWQiOjI0MDAwMDAwMDAwMDAsInVwZGF0ZSI6MzYwMDAwMDAwMDAwMH0sInNjaGVtYV92ZXJzaW9uIjoiMSJ9",
          "dependencies": [
            "google_compute_network.vpc-3",
            "google_compute_subnetwork.subnet-3"
          ]
        }
      ]
    },
    {
      "mode": "managed",
      "type": "google_container_node_pool",
      "name": "nodes_primarios",
      "provider": "provider[\"registry.terraform.io/hashicorp/google\"]",
      "instances": [
        {
          "schema_version": 1,
          "attributes": {
            "autoscaling": [],
            "cluster": "terraform-gcp-329700-test-3",
            "id": "projects/terraform-gcp-329700/locations/us-east4-a/clusters/terraform-gcp-329700-test-3/nodePools/terraform-gcp-329700-test-3-node-pool",
            "initial_node_count": 1,
            "instance_group_urls": [
              "https://www.googleapis.com/compute/v1/projects/terraform-gcp-329700/zones/us-east4-a/instanceGroupManagers/gke-terraform-gcp-32-terraform-gcp-32-d62b2fae-grp"
            ],
            "location": "us-east4-a",
            "management": [
              {
                "auto_repair": true,
                "auto_upgrade": true
              }
            ],
            "max_pods_per_node": null,
            "name": "terraform-gcp-329700-test-3-node-pool",
            "name_prefix": "",
            "node_config": [
              {
                "disk_size_gb": 100,
                "disk_type": "pd-standard",
                "guest_accelerator": [],
                "image_type": "UBUNTU_CONTAINERD",
                "labels": {
                  "env": "terraform-gcp-329700"
                },
                "local_ssd_count": 0,
                "machine_type": "e2-standard-2",
                "metadata": {
                  "disable-legacy-endpoints": "true"
                },
                "min_cpu_platform": "",
                "oauth_scopes": [
                  "https://www.googleapis.com/auth/logging.write",
                  "https://www.googleapis.com/auth/monitoring"
                ],
                "preemptible": false,
                "service_account": "default",
                "shielded_instance_config": [
                  {
                    "enable_integrity_monitoring": true,
                    "enable_secure_boot": false
                  }
                ],
                "tags": [
                  "gke-node",
                  "terraform-gcp-329700-test-3"
                ],
                "taint": [],
                "workload_metadata_config": []
              }
            ],
            "node_count": 1,
            "node_locations": [
              "us-east4-a"
            ],
            "project": "terraform-gcp-329700",
            "timeouts": null,
            "upgrade_settings": [
              {
                "max_surge": 1,
                "max_unavailable": 0
              }
            ],
            "version": "1.20.10-gke.1600"
          },
          "sensitive_attributes": [
            [
              {
                "type": "get_attr",
                "value": "cluster"
              }
            ],
            [
              {
                "type": "get_attr",
                "value": "name"
              }
            ],
            [
              {
                "type": "get_attr",
                "value": "node_config"
              },
              {
                "type": "index",
                "value": {
                  "value": 0,
                  "type": "number"
                }
              },
              {
                "type": "get_attr",
                "value": "tags"
              },
              {
                "type": "index",
                "value": {
                  "value": 1,
                  "type": "number"
                }
              }
            ],
            [
              {
                "type": "get_attr",
                "value": "node_config"
              },
              {
                "type": "index",
                "value": {
                  "value": 0,
                  "type": "number"
                }
              },
              {
                "type": "get_attr",
                "value": "labels"
              },
              {
                "type": "index",
                "value": {
                  "value": "env",
                  "type": "string"
                }
              }
            ]
          ],
          "private": "eyJlMmJmYjczMC1lY2FhLTExZTYtOGY4OC0zNDM2M2JjN2M0YzAiOnsiY3JlYXRlIjoxODAwMDAwMDAwMDAwLCJkZWxldGUiOjE4MDAwMDAwMDAwMDAsInVwZGF0ZSI6MTgwMDAwMDAwMDAwMH0sInNjaGVtYV92ZXJzaW9uIjoiMSJ9",
          "dependencies": [
            "google_compute_network.vpc-3",
            "google_compute_subnetwork.subnet-3",
            "google_container_cluster.cluster-test-3"
          ]
        }
      ]
    }
  ]
}
