{
  "version": 4,
  "terraform_version": "1.0.9",
  "serial": 7,
  "lineage": "730cb851-9846-1f59-b6fd-0af964644d0c",
  "outputs": {
    "project_id": {
      "value": "terraform-gcp-329700",
      "type": "string",
      "sensitive": true
    },
    "region": {
      "value": "us-east4",
      "type": "string"
    }
  },
  "resources": [
    {
      "mode": "managed",
      "type": "google_compute_network",
      "name": "vpc-3",
      "provider": "provider[\"registry.terraform.io/hashicorp/google\"]",
      "instances": [
        {
          "schema_version": 0,
          "attributes": {
            "auto_create_subnetworks": false,
            "delete_default_routes_on_create": false,
            "description": "",
            "gateway_ipv4": "",
            "id": "projects/terraform-gcp-329700/global/networks/terraform-gcp-329700-vpc3",
            "mtu": 0,
            "name": "terraform-gcp-329700-vpc3",
            "project": "terraform-gcp-329700",
            "routing_mode": "REGIONAL",
            "self_link": "https://www.googleapis.com/compute/v1/projects/terraform-gcp-329700/global/networks/terraform-gcp-329700-vpc3",
            "timeouts": null
          },
          "sensitive_attributes": [
            [
              {
                "type": "get_attr",
                "value": "name"
              }
            ]
          ],
          "private": "eyJlMmJmYjczMC1lY2FhLTExZTYtOGY4OC0zNDM2M2JjN2M0YzAiOnsiY3JlYXRlIjoyNDAwMDAwMDAwMDAsImRlbGV0ZSI6MjQwMDAwMDAwMDAwLCJ1cGRhdGUiOjI0MDAwMDAwMDAwMH19"
        }
      ]
    },
    {
      "mode": "managed",
      "type": "google_compute_subnetwork",
      "name": "subnet-3",
      "provider": "provider[\"registry.terraform.io/hashicorp/google\"]",
      "instances": [
        {
          "schema_version": 0,
          "attributes": {
            "creation_timestamp": "2021-10-29T06:43:06.137-07:00",
            "description": "",
            "fingerprint": null,
            "gateway_address": "10.10.0.1",
            "id": "projects/terraform-gcp-329700/regions/us-east4/subnetworks/terraform-gcp-329700-subnet3",
            "ip_cidr_range": "10.10.0.0/24",
            "log_config": [],
            "name": "terraform-gcp-329700-subnet3",
            "network": "https://www.googleapis.com/compute/v1/projects/terraform-gcp-329700/global/networks/terraform-gcp-329700-vpc3",
            "private_ip_google_access": false,
            "private_ipv6_google_access": "DISABLE_GOOGLE_ACCESS",
            "project": "terraform-gcp-329700",
            "region": "us-east4",
            "secondary_ip_range": [],
            "self_link": "https://www.googleapis.com/compute/v1/projects/terraform-gcp-329700/regions/us-east4/subnetworks/terraform-gcp-329700-subnet3",
            "timeouts": null
          },
          "sensitive_attributes": [
            [
              {
                "type": "get_attr",
                "value": "name"
              }
            ],
            [
              {
                "type": "get_attr",
                "value": "network"
              }
            ]
          ],
          "private": "eyJlMmJmYjczMC1lY2FhLTExZTYtOGY4OC0zNDM2M2JjN2M0YzAiOnsiY3JlYXRlIjozNjAwMDAwMDAwMDAsImRlbGV0ZSI6MzYwMDAwMDAwMDAwLCJ1cGRhdGUiOjM2MDAwMDAwMDAwMH19",
          "dependencies": [
            "google_compute_network.vpc-3"
          ]
        }
      ]
    },
    {
      "mode": "managed",
      "type": "google_container_cluster",
      "name": "cluster-test-3",
      "provider": "provider[\"registry.terraform.io/hashicorp/google\"]",
      "instances": [
        {
          "schema_version": 1,
          "attributes": {
            "addons_config": [
              {
                "cloudrun_config": [],
                "horizontal_pod_autoscaling": [],
                "http_load_balancing": [],
                "network_policy_config": [
                  {
                    "disabled": true
                  }
                ]
              }
            ],
            "authenticator_groups_config": [],
            "cluster_autoscaling": [
              {
                "auto_provisioning_defaults": [],
                "enabled": false,
                "resource_limits": []
              }
            ],
            "cluster_ipv4_cidr": "10.36.0.0/14",
            "database_encryption": [
              {
                "key_name": "",
                "state": "DECRYPTED"
              }
            ],
            "default_max_pods_per_node": null,
            "description": "",
            "enable_binary_authorization": false,
            "enable_intranode_visibility": null,
            "enable_kubernetes_alpha": false,
            "enable_legacy_abac": false,
            "enable_shielded_nodes": false,
            "enable_tpu": null,
            "endpoint": "35.245.17.166",
            "id": "projects/terraform-gcp-329700/locations/us-east4-a/clusters/terraform-gcp-329700-test-3",
            "initial_node_count": 1,
            "instance_group_urls": [],
            "ip_allocation_policy": [],
            "label_fingerprint": "a9dc16a7",
            "location": "us-east4-a",
            "logging_service": "logging.googleapis.com/kubernetes",
            "maintenance_policy": [],
            "master_auth": [
              {
                "client_certificate": "",
                "client_certificate_config": [
                  {
                    "issue_client_certificate": false
                  }
                ],
                "client_key": "",
                "cluster_ca_certificate": "LS0tLS1CRUdJTiBDRVJUSUZJQ0FURS0tLS0tCk1JSUVMRENDQXBTZ0F3SUJBZ0lRWnllSEdZUnI1eUkwL0ZMU291azFvekFOQmdrcWhraUc5dzBCQVFzRkFEQXYKTVMwd0t3WURWUVFERXlReU9XTTNOekJrWlMwNVpHWmlMVFF4T0dJdE9HUTVNeTFtWWpOak0yUTRZamxsWWprdwpJQmNOTWpFeE1ESTVNVEkwTXpNMVdoZ1BNakExTVRFd01qSXhNelF6TXpWYU1DOHhMVEFyQmdOVkJBTVRKREk1Cll6YzNNR1JsTFRsa1ptSXROREU0WWkwNFpEa3pMV1ppTTJNelpEaGlPV1ZpT1RDQ0FhSXdEUVlKS29aSWh2Y04KQVFFQkJRQURnZ0dQQURDQ0FZb0NnZ0dCQVBYVjBSUnArVlRxRVFaak1MdXV5a0tWdTlFcTJ0UE9DemowTVdwbwptNForUUtjN2hJNjRvZUFzVDdyOVN0WkZQOVZaYkhzVDNzUUljYmlJWUZkV21QTnVKbDBiRDRYT1QvQ25CbktFCnR3L3hLLzVoQmFQQVVoVkc4YWxDVFhBd2lMOFp4eTNpOHZ6ZUxjNlN6UzJHSTU5bmpGTm5zWXdBMmlqNW5TdUgKU3JyYTdKR3pYT2lxWXFRUHpndkVGU2p1TDFKdHBUY3pwamRYZGVmUXA3K3JFbnV3Y0xkN1hlejRibFRaRG1uVgpvUHJkVWEzUk1QMFkybmxzclVDU212SUVWMFFrRTgvRVZ0VzI0YjRCUEYyY2hTUWxyRW9CVVFUUVJNYWlESHFjCklBTHZ5Q2JwcURQVm90QkpDbnd2RmJPQmY5TG5rcnRkbGJnaktEaWx3aXJkTTlZczhmY2NhM1lRVktXWDdySVcKbGYwQVd2dVAxT3o2WlNJL3g0Q2tPekxiSVBSVEpKOFhERXp5cElPYVJTL3dKUzNrNUljV2VkNWVDL2JoZEpMOQoyZjNnWnBaNzRoT2lRVTErWUhwMzhXMlNZbW5OcGpKcUkzWUxtWndjTGM5RllOeWdRbVVKSE9KQ3lTcFBzdDlaCnBONCtlTXBRQVpmNUt5dXpKdzdFZk01R253SURBUUFCbzBJd1FEQU9CZ05WSFE4QkFmOEVCQU1DQWdRd0R3WUQKVlIwVEFRSC9CQVV3QXdFQi96QWRCZ05WSFE0RUZnUVVkS2hKeGR2Q3dTdlJTazRqajdER1dHQ2dPWDB3RFFZSgpLb1pJaHZjTkFRRUxCUUFEZ2dHQkFPTDNjNHpRajhRemFxWTdzM1V5eUI3amlFMlFZNnRMZmZmcmZGNkMrVXh0CmdCbkVNRU8wa2NIY2RGd3RObnBvQ3gwUjB3UFR1bU5sK2NrcVpYcGhmdk5oQ0RQR0FuRlBGWFRCaDJjRjBobXQKaC8vWlc2dVd6RzBJWUlQSmE4b1FxMEJIWnVjZ3Y1cUFsVkxhN0R3MnZNRHlJMlVwTW4xQm81eFN6Y2RPTVYyMQpzQkpySXpRdU5SVG9yZU42Sk9SMis1ck1SckpWS2VlQldTVkRFUEhMNjlIVjZyUW45aTJXWnNndnlSRXorS2RuCitxZ3ZwcXFCVEU3b2J6L3hQOFBlV0FNNFZQK0ZkMEViWExCTHV5SU5LSndpd2doWVJld1VjYk1vVkpXb3dWK1MKOEo0SlJTN1FvWnBLMzVvK2hiK1haUUo0TlN1cWxoN0tJbWNvemVjeE9pNzJtMUhHdHVBaTdnOVZhSFFWV1dWeAo4ckxCVHZKcGNZL2V0NlBuZUYrMlh6bkU0SWlweHpPT1NwdmFwVFhvMkNRcVRWeE9tZU9HRFVwUlRSNGNuYXRmCldHSWtHSHVwU3diaGdEeU5NUi9IQ2lMbVhXSlgzdXRVcmpKQzJva1doVmJwY2djYmhwbk1vMU5xelUvUmcrYzIKZmx5SE40RU9HUGw4cmVORHNyQWdTQT09Ci0tLS0tRU5EIENFUlRJRklDQVRFLS0tLS0K",
                "password": "",
                "username": ""
              }
            ],
            "master_authorized_networks_config": [],
            "master_version": "1.20.10-gke.301",
            "min_master_version": null,
            "monitoring_service": "monitoring.googleapis.com/kubernetes",
            "name": "terraform-gcp-329700-test-3",
            "network": "projects/terraform-gcp-329700/global/networks/terraform-gcp-329700-vpc3",
            "network_policy": [
              {
                "enabled": false,
                "provider": "PROVIDER_UNSPECIFIED"
              }
            ],
            "node_config": [],
            "node_locations": [],
            "node_pool": [],
            "node_version": "1.20.10-gke.301",
            "operation": null,
            "pod_security_policy_config": [],
            "private_cluster_config": [],
            "project": "terraform-gcp-329700",
            "release_channel": [
              {
                "channel": "REGULAR"
              }
            ],
            "remove_default_node_pool": true,
            "resource_labels": {},
            "resource_usage_export_config": [],
            "self_link": "https://container.googleapis.com/v1beta1/projects/terraform-gcp-329700/zones/us-east4-a/clusters/terraform-gcp-329700-test-3",
            "services_ipv4_cidr": "10.39.240.0/20",
            "subnetwork": "projects/terraform-gcp-329700/regions/us-east4/subnetworks/terraform-gcp-329700-subnet3",
            "timeouts": null,
            "vertical_pod_autoscaling": [],
            "workload_identity_config": []
          },
          "sensitive_attributes": [
            [
              {
                "type": "get_attr",
                "value": "name"
              }
            ],
            [
              {
                "type": "get_attr",
                "value": "network"
              }
            ],
            [
              {
                "type": "get_attr",
                "value": "subnetwork"
              }
            ]
          ],
          "private": "eyJlMmJmYjczMC1lY2FhLTExZTYtOGY4OC0zNDM2M2JjN2M0YzAiOnsiY3JlYXRlIjoyNDAwMDAwMDAwMDAwLCJkZWxldGUiOjI0MDAwMDAwMDAwMDAsInJlYWQiOjI0MDAwMDAwMDAwMDAsInVwZGF0ZSI6MzYwMDAwMDAwMDAwMH0sInNjaGVtYV92ZXJzaW9uIjoiMSJ9",
          "dependencies": [
            "google_compute_network.vpc-3",
            "google_compute_subnetwork.subnet-3"
          ]
        }
      ]
    },
    {
      "mode": "managed",
      "type": "google_container_node_pool",
      "name": "nodes_primarios",
      "provider": "provider[\"registry.terraform.io/hashicorp/google\"]",
      "instances": [
        {
          "status": "tainted",
          "schema_version": 1,
          "attributes": {
            "autoscaling": [],
            "cluster": "terraform-gcp-329700-test-3",
            "id": "projects/terraform-gcp-329700/locations/us-east4/clusters/terraform-gcp-329700-test-3/nodePools/terraform-gcp-329700-test-3-node-pool",
            "initial_node_count": null,
            "instance_group_urls": null,
            "location": "us-east4",
            "management": null,
            "max_pods_per_node": null,
            "name": "terraform-gcp-329700-test-3-node-pool",
            "name_prefix": null,
            "node_config": [
              {
                "disk_size_gb": 0,
                "disk_type": "",
                "guest_accelerator": [],
                "image_type": "",
                "labels": {
                  "env": "terraform-gcp-329700"
                },
                "local_ssd_count": 0,
                "machine_type": "e2-standard-2",
                "metadata": {
                  "disable-legacy-endpoints": "true"
                },
                "min_cpu_platform": "",
                "oauth_scopes": [
                  "https://www.googleapis.com/auth/logging.write",
                  "https://www.googleapis.com/auth/monitoring"
                ],
                "preemptible": false,
                "service_account": "",
                "shielded_instance_config": [],
                "tags": [
                  "gke-node",
                  "terraform-gcp-329700-test-3"
                ],
                "taint": [],
                "workload_metadata_config": []
              }
            ],
            "node_count": 1,
            "node_locations": [],
            "project": null,
            "timeouts": null,
            "upgrade_settings": null,
            "version": null
          },
          "sensitive_attributes": [
            [
              {
                "type": "get_attr",
                "value": "node_config"
              },
              {
                "type": "index",
                "value": {
                  "value": 0,
                  "type": "number"
                }
              },
              {
                "type": "get_attr",
                "value": "tags"
              },
              {
                "type": "index",
                "value": {
                  "value": 1,
                  "type": "number"
                }
              }
            ],
            [
              {
                "type": "get_attr",
                "value": "node_config"
              },
              {
                "type": "index",
                "value": {
                  "value": 0,
                  "type": "number"
                }
              },
              {
                "type": "get_attr",
                "value": "labels"
              },
              {
                "type": "index",
                "value": {
                  "value": "env",
                  "type": "string"
                }
              }
            ],
            [
              {
                "type": "get_attr",
                "value": "name"
              }
            ],
            [
              {
                "type": "get_attr",
                "value": "cluster"
              }
            ]
          ],
          "private": "eyJlMmJmYjczMC1lY2FhLTExZTYtOGY4OC0zNDM2M2JjN2M0YzAiOnsiY3JlYXRlIjoxODAwMDAwMDAwMDAwLCJkZWxldGUiOjE4MDAwMDAwMDAwMDAsInVwZGF0ZSI6MTgwMDAwMDAwMDAwMH0sInNjaGVtYV92ZXJzaW9uIjoiMSJ9",
          "dependencies": [
            "google_container_cluster.cluster-test-3"
          ]
        }
      ]
    }
  ]
}
