{
  "version": 4,
  "terraform_version": "1.0.9",
  "serial": 28,
  "lineage": "9b67101b-2a01-da78-d9ab-84adec8f8c9f",
  "outputs": {
    "project_id": {
      "value": "terraform-gcp-329700",
      "type": "string",
      "sensitive": true
    },
    "region": {
      "value": "us-east4",
      "type": "string"
    }
  },
  "resources": [
    {
      "mode": "managed",
      "type": "google_compute_firewall",
      "name": "Cluster3_firewall",
      "provider": "provider[\"registry.terraform.io/hashicorp/google\"]",
      "instances": [
        {
          "schema_version": 1,
          "attributes": {
            "allow": [
              {
                "ports": [
                  "80",
                  "443"
                ],
                "protocol": "tcp"
              }
            ],
            "creation_timestamp": "2021-11-01T11:16:06.122-07:00",
            "deny": [],
            "description": "",
            "destination_ranges": [],
            "direction": "INGRESS",
            "disabled": false,
            "enable_logging": null,
            "id": "projects/terraform-gcp-329700/global/firewalls/cluster3-firewall",
            "log_config": [],
            "name": "cluster3-firewall",
            "network": "https://www.googleapis.com/compute/v1/projects/terraform-gcp-329700/global/networks/terraform-gcp-329700-vpc3",
            "priority": 1000,
            "project": "terraform-gcp-329700",
            "self_link": "https://www.googleapis.com/compute/v1/projects/terraform-gcp-329700/global/firewalls/cluster3-firewall",
            "source_ranges": [
              "0.0.0.0/0"
            ],
            "source_service_accounts": null,
            "source_tags": null,
            "target_service_accounts": null,
            "target_tags": null,
            "timeouts": null
          },
          "sensitive_attributes": [
            [
              {
                "type": "get_attr",
                "value": "network"
              }
            ]
          ],
          "private": "eyJlMmJmYjczMC1lY2FhLTExZTYtOGY4OC0zNDM2M2JjN2M0YzAiOnsiY3JlYXRlIjoyNDAwMDAwMDAwMDAsImRlbGV0ZSI6MjQwMDAwMDAwMDAwLCJ1cGRhdGUiOjI0MDAwMDAwMDAwMH0sInNjaGVtYV92ZXJzaW9uIjoiMSJ9",
          "dependencies": [
            "google_compute_network.vpc-3"
          ]
        }
      ]
    },
    {
      "mode": "managed",
      "type": "google_compute_instance",
      "name": "Instance-cluster3",
      "provider": "provider[\"registry.terraform.io/hashicorp/google\"]",
      "instances": [
        {
          "schema_version": 6,
          "attributes": {
            "allow_stopping_for_update": null,
            "attached_disk": [],
            "boot_disk": [
              {
                "auto_delete": true,
                "device_name": "persistent-disk-0",
                "disk_encryption_key_raw": "",
                "disk_encryption_key_sha256": "",
                "initialize_params": [
                  {
                    "image": "https://www.googleapis.com/compute/v1/projects/ubuntu-os-cloud/global/images/ubuntu-1804-bionic-v20210928",
                    "labels": {},
                    "size": 10,
                    "type": "pd-standard"
                  }
                ],
                "kms_key_self_link": "",
                "mode": "READ_WRITE",
                "source": "https://www.googleapis.com/compute/v1/projects/terraform-gcp-329700/zones/us-east4-a/disks/cluster3-instance"
              }
            ],
            "can_ip_forward": false,
            "confidential_instance_config": [],
            "cpu_platform": "Intel Broadwell",
            "current_status": "RUNNING",
            "deletion_protection": false,
            "description": "",
            "desired_status": null,
            "enable_display": false,
            "guest_accelerator": [],
            "hostname": "",
            "id": "projects/terraform-gcp-329700/zones/us-east4-a/instances/cluster3-instance",
            "instance_id": "3576689892180988396",
            "label_fingerprint": "42WmSpB8rSM=",
            "labels": null,
            "machine_type": "n1-standard-1",
            "metadata": null,
            "metadata_fingerprint": "Dd37NCsb6Cg=",
            "metadata_startup_script": "sudo apt-get update; sudo apt-get install apache2 -y; echo Testando Cluster 3 \u003e /var/www/html/index.html",
            "min_cpu_platform": "",
            "name": "cluster3-instance",
            "network_interface": [
              {
                "access_config": [
                  {
                    "nat_ip": "35.245.151.136",
                    "network_tier": "PREMIUM",
                    "public_ptr_domain_name": ""
                  }
                ],
                "alias_ip_range": [],
                "name": "nic0",
                "network": "https://www.googleapis.com/compute/v1/projects/terraform-gcp-329700/global/networks/terraform-gcp-329700-vpc3",
                "network_ip": "10.10.0.2",
                "subnetwork": "https://www.googleapis.com/compute/v1/projects/terraform-gcp-329700/regions/us-east4/subnetworks/terraform-gcp-329700-subnet3",
                "subnetwork_project": "terraform-gcp-329700"
              }
            ],
            "project": "terraform-gcp-329700",
            "resource_policies": null,
            "scheduling": [
              {
                "automatic_restart": true,
                "node_affinities": [],
                "on_host_maintenance": "MIGRATE",
                "preemptible": false
              }
            ],
            "scratch_disk": [],
            "self_link": "https://www.googleapis.com/compute/v1/projects/terraform-gcp-329700/zones/us-east4-a/instances/cluster3-instance",
            "service_account": [],
            "shielded_instance_config": [
              {
                "enable_integrity_monitoring": true,
                "enable_secure_boot": false,
                "enable_vtpm": true
              }
            ],
            "tags": null,
            "tags_fingerprint": "42WmSpB8rSM=",
            "timeouts": null,
            "zone": "us-east4-a"
          },
          "sensitive_attributes": [
            [
              {
                "type": "get_attr",
                "value": "network_interface"
              },
              {
                "type": "index",
                "value": {
                  "value": 0,
                  "type": "number"
                }
              },
              {
                "type": "get_attr",
                "value": "network"
              }
            ],
            [
              {
                "type": "get_attr",
                "value": "network_interface"
              },
              {
                "type": "index",
                "value": {
                  "value": 0,
                  "type": "number"
                }
              },
              {
                "type": "get_attr",
                "value": "subnetwork"
              }
            ]
          ],
          "private": "eyJlMmJmYjczMC1lY2FhLTExZTYtOGY4OC0zNDM2M2JjN2M0YzAiOnsiY3JlYXRlIjoxMjAwMDAwMDAwMDAwLCJkZWxldGUiOjEyMDAwMDAwMDAwMDAsInVwZGF0ZSI6MTIwMDAwMDAwMDAwMH0sInNjaGVtYV92ZXJzaW9uIjoiNiJ9",
          "dependencies": [
            "google_compute_network.vpc-3",
            "google_compute_subnetwork.subnet-3"
          ],
          "create_before_destroy": true
        }
      ]
    },
    {
      "mode": "managed",
      "type": "google_compute_instance_group",
      "name": "Cluster3_group",
      "provider": "provider[\"registry.terraform.io/hashicorp/google\"]",
      "instances": [
        {
          "schema_version": 2,
          "attributes": {
            "description": "",
            "id": "projects/terraform-gcp-329700/zones/us-east4-a/instanceGroups/cluster-instance-group",
            "instances": [
              "projects/terraform-gcp-329700/zones/us-east4-a/instances/cluster3-instance"
            ],
            "name": "cluster-instance-group",
            "named_port": [],
            "network": "https://www.googleapis.com/compute/v1/projects/terraform-gcp-329700/global/networks/terraform-gcp-329700-vpc3",
            "project": "terraform-gcp-329700",
            "self_link": "https://www.googleapis.com/compute/v1/projects/terraform-gcp-329700/zones/us-east4-a/instanceGroups/cluster-instance-group",
            "size": 1,
            "timeouts": null,
            "zone": "us-east4-a"
          },
          "sensitive_attributes": [],
          "private": "eyJlMmJmYjczMC1lY2FhLTExZTYtOGY4OC0zNDM2M2JjN2M0YzAiOnsiY3JlYXRlIjozNjAwMDAwMDAwMDAsImRlbGV0ZSI6MzYwMDAwMDAwMDAwLCJ1cGRhdGUiOjM2MDAwMDAwMDAwMH0sInNjaGVtYV92ZXJzaW9uIjoiMiJ9",
          "dependencies": [
            "google_compute_instance.Instance-cluster3",
            "google_compute_network.vpc-3",
            "google_compute_subnetwork.subnet-3"
          ],
          "create_before_destroy": true
        }
      ]
    },
    {
      "mode": "managed",
      "type": "google_compute_network",
      "name": "vpc-3",
      "provider": "provider[\"registry.terraform.io/hashicorp/google\"]",
      "instances": [
        {
          "schema_version": 0,
          "attributes": {
            "auto_create_subnetworks": false,
            "delete_default_routes_on_create": false,
            "description": "",
            "gateway_ipv4": "",
            "id": "projects/terraform-gcp-329700/global/networks/terraform-gcp-329700-vpc3",
            "mtu": 0,
            "name": "terraform-gcp-329700-vpc3",
            "project": "terraform-gcp-329700",
            "routing_mode": "REGIONAL",
            "self_link": "https://www.googleapis.com/compute/v1/projects/terraform-gcp-329700/global/networks/terraform-gcp-329700-vpc3",
            "timeouts": null
          },
          "sensitive_attributes": [
            [
              {
                "type": "get_attr",
                "value": "name"
              }
            ]
          ],
          "private": "eyJlMmJmYjczMC1lY2FhLTExZTYtOGY4OC0zNDM2M2JjN2M0YzAiOnsiY3JlYXRlIjoyNDAwMDAwMDAwMDAsImRlbGV0ZSI6MjQwMDAwMDAwMDAwLCJ1cGRhdGUiOjI0MDAwMDAwMDAwMH19",
          "create_before_destroy": true
        }
      ]
    },
    {
      "mode": "managed",
      "type": "google_compute_subnetwork",
      "name": "subnet-3",
      "provider": "provider[\"registry.terraform.io/hashicorp/google\"]",
      "instances": [
        {
          "schema_version": 0,
          "attributes": {
            "creation_timestamp": "2021-11-01T11:16:06.196-07:00",
            "description": "",
            "fingerprint": null,
            "gateway_address": "10.10.0.1",
            "id": "projects/terraform-gcp-329700/regions/us-east4/subnetworks/terraform-gcp-329700-subnet3",
            "ip_cidr_range": "10.10.0.0/24",
            "log_config": [],
            "name": "terraform-gcp-329700-subnet3",
            "network": "https://www.googleapis.com/compute/v1/projects/terraform-gcp-329700/global/networks/terraform-gcp-329700-vpc3",
            "private_ip_google_access": false,
            "private_ipv6_google_access": "DISABLE_GOOGLE_ACCESS",
            "project": "terraform-gcp-329700",
            "region": "us-east4",
            "secondary_ip_range": [],
            "self_link": "https://www.googleapis.com/compute/v1/projects/terraform-gcp-329700/regions/us-east4/subnetworks/terraform-gcp-329700-subnet3",
            "timeouts": null
          },
          "sensitive_attributes": [
            [
              {
                "type": "get_attr",
                "value": "network"
              }
            ],
            [
              {
                "type": "get_attr",
                "value": "name"
              }
            ]
          ],
          "private": "eyJlMmJmYjczMC1lY2FhLTExZTYtOGY4OC0zNDM2M2JjN2M0YzAiOnsiY3JlYXRlIjozNjAwMDAwMDAwMDAsImRlbGV0ZSI6MzYwMDAwMDAwMDAwLCJ1cGRhdGUiOjM2MDAwMDAwMDAwMH19",
          "dependencies": [
            "google_compute_network.vpc-3"
          ],
          "create_before_destroy": true
        }
      ]
    },
    {
      "mode": "managed",
      "type": "google_container_cluster",
      "name": "cluster-test-3",
      "provider": "provider[\"registry.terraform.io/hashicorp/google\"]",
      "instances": [
        {
          "schema_version": 1,
          "attributes": {
            "addons_config": [
              {
                "cloudrun_config": [],
                "horizontal_pod_autoscaling": [],
                "http_load_balancing": [],
                "network_policy_config": [
                  {
                    "disabled": true
                  }
                ]
              }
            ],
            "authenticator_groups_config": [],
            "cluster_autoscaling": [
              {
                "auto_provisioning_defaults": [],
                "enabled": false,
                "resource_limits": []
              }
            ],
            "cluster_ipv4_cidr": "10.36.0.0/14",
            "database_encryption": [
              {
                "key_name": "",
                "state": "DECRYPTED"
              }
            ],
            "default_max_pods_per_node": null,
            "description": "",
            "enable_binary_authorization": false,
            "enable_intranode_visibility": null,
            "enable_kubernetes_alpha": false,
            "enable_legacy_abac": false,
            "enable_shielded_nodes": false,
            "enable_tpu": null,
            "endpoint": "34.86.103.78",
            "id": "projects/terraform-gcp-329700/locations/us-east4-a/clusters/terraform-gcp-329700-test-3",
            "initial_node_count": 1,
            "instance_group_urls": [],
            "ip_allocation_policy": [],
            "label_fingerprint": "a9dc16a7",
            "location": "us-east4-a",
            "logging_service": "logging.googleapis.com/kubernetes",
            "maintenance_policy": [],
            "master_auth": [
              {
                "client_certificate": "",
                "client_certificate_config": [
                  {
                    "issue_client_certificate": false
                  }
                ],
                "client_key": "",
                "cluster_ca_certificate": "LS0tLS1CRUdJTiBDRVJUSUZJQ0FURS0tLS0tCk1JSUVMRENDQXBTZ0F3SUJBZ0lRWnUxS3ZSc3ZTblEzcHZWUGhhQnY1VEFOQmdrcWhraUc5dzBCQVFzRkFEQXYKTVMwd0t3WURWUVFERXlReVptRTBPV0V6WWkwME1qSXhMVFEyTVdJdE9HRmlaQzFtWWpFd05XTXdNalUyT0dRdwpJQmNOTWpFeE1UQXhNVGN4TmpNM1doZ1BNakExTVRFd01qVXhPREUyTXpkYU1DOHhMVEFyQmdOVkJBTVRKREptCllUUTVZVE5pTFRReU1qRXRORFl4WWkwNFlXSmtMV1ppTVRBMVl6QXlOVFk0WkRDQ0FhSXdEUVlKS29aSWh2Y04KQVFFQkJRQURnZ0dQQURDQ0FZb0NnZ0dCQUpSMlNSYndhaXdSbDU1bllHWWtIM1Zzcm1oZlZZcU9qckE2MUxaQwpDRWNBLzk0ZHFXTTdkUHFvcmpMTjFJNU1Sc0VocmR3NFYzRlJDOWdRYVlHdmlPQVh4YXpYaXRxSlVjSk00VVh1CmNFZ1BiOEUrc0NZUjJZWjFHSHlIc1pENnlkYVZibklXSVNUa3ZzOXJnSHhHUzNYN1RFLzNKQ3RrS2pEbml4Z1EKM3BVNnhCU29WeUVNUU9qTEhKLzc4MWZtZDhOcElTVGp3dWZuTzlMUmFYRzZFZlVtUWdkbERkRnIvUDY5KzFXcwowdjltY0pvMVVIUzF6bEYvT0Q3a3Fld1g4eExibUl5SzlxYW12VFdhellYZHJVREdHelltMXVGdmV0NXZMcDFMCkl0SDBiS1ZxbjBPTDVMMHBUTjQ0SE4rS1d5eThYUGNUckRjdHo5Q3pBRlFlRE5MdGM1K1JoVUJ4bVRqU3ZNZFQKWWtJWk41bEsxR0NEZmt0M3pNS3hrbE1IZno1SUIzMDFnUEZWeVBpMFRTRmZnSFpXMXEraGcrL1ZKRnIyMFJ3Nwp0UHpkbjJ5clE0N3VQL1ZnWW1obUNYbW4rckh0dzlnalFvbVFHSmJobnE1Vmx6SUt6NnBNTjFGSlhmUW1tYjcrCk9sbHNzamtVNmtrOTQ0SytYeVdiL2RtdDFRSURBUUFCbzBJd1FEQU9CZ05WSFE4QkFmOEVCQU1DQWdRd0R3WUQKVlIwVEFRSC9CQVV3QXdFQi96QWRCZ05WSFE0RUZnUVVkOVFhdFRjbEVCWjJQalBKOWlSbXcrMWVrT2t3RFFZSgpLb1pJaHZjTkFRRUxCUUFEZ2dHQkFHdDFqSStDQVFaVFQrWVV3RHpKOTNpcDhQaDY0Q1ozSS8yK3dZZGRBRzAzCnU4WnpVeHh4ZVU1RUVZbnR3cENTRFczRlVyM2xFd0lWUmRueG5jR2FxQkFpdDBLYWU1cUhtZFc5YWw0VnFHQkQKcXdVN29kL2tNcnM2SDBLaWlEZko5UVdTalBJMXpERWV1QVpidk1IZ3pFTG1OMnZiaElZclZ2YUE5WWE5OGREaQpNb2VDNU9EQW5iUXY2c2RLTURQdmpDSWNJVm5lZmhKaU9JMkx4VG5TZ1ZVSUsvc21ZYTAwdTUraFVHaXFNbC9iCklsU1BGOEk2Nmp1SE9vQTZlZFVFV1dPMU4zMXN1cXRyTzhzZ09xRmtQV2xsc3ltamNKNG9tc3JCMFlkODBydXcKQkg0dU5ERFIyWGVBLy9RUHVoTHFmVDN5YUR4Qko1QVFwRVJyTEpPMk8rWEhKTFNYREtzWDViR3hINVNtOEhMcQpqUEYyaFgzK0tiR2U0UGtST1cvTU9XK2xSQjh0VW5lTEJiOWhKRHNlMGh4VnZxZXdkdWFmSFN6ckxGR1I3R3pRCnQvT2dFdXVLT2dieEo1b2x6QmFGM3dpcWg2R2tFdzBiYVVweHFBaGRTRERleGxiaHZuemJjQUhUeWtNRDlyK00Kc0VWbjdrZ2pGaEhFQzlTb0dhVEFKUT09Ci0tLS0tRU5EIENFUlRJRklDQVRFLS0tLS0K",
                "password": "",
                "username": ""
              }
            ],
            "master_authorized_networks_config": [],
            "master_version": "1.20.10-gke.301",
            "min_master_version": null,
            "monitoring_service": "monitoring.googleapis.com/kubernetes",
            "name": "terraform-gcp-329700-test-3",
            "network": "projects/terraform-gcp-329700/global/networks/terraform-gcp-329700-vpc3",
            "network_policy": [
              {
                "enabled": false,
                "provider": "PROVIDER_UNSPECIFIED"
              }
            ],
            "node_config": [],
            "node_locations": [],
            "node_pool": [],
            "node_version": "1.20.10-gke.301",
            "operation": null,
            "pod_security_policy_config": [],
            "private_cluster_config": [],
            "project": "terraform-gcp-329700",
            "release_channel": [
              {
                "channel": "REGULAR"
              }
            ],
            "remove_default_node_pool": true,
            "resource_labels": null,
            "resource_usage_export_config": [],
            "self_link": "https://container.googleapis.com/v1beta1/projects/terraform-gcp-329700/zones/us-east4-a/clusters/terraform-gcp-329700-test-3",
            "services_ipv4_cidr": "10.39.240.0/20",
            "subnetwork": "projects/terraform-gcp-329700/regions/us-east4/subnetworks/terraform-gcp-329700-subnet3",
            "timeouts": null,
            "vertical_pod_autoscaling": [],
            "workload_identity_config": []
          },
          "sensitive_attributes": [
            [
              {
                "type": "get_attr",
                "value": "name"
              }
            ],
            [
              {
                "type": "get_attr",
                "value": "network"
              }
            ],
            [
              {
                "type": "get_attr",
                "value": "subnetwork"
              }
            ]
          ],
          "private": "eyJlMmJmYjczMC1lY2FhLTExZTYtOGY4OC0zNDM2M2JjN2M0YzAiOnsiY3JlYXRlIjoyNDAwMDAwMDAwMDAwLCJkZWxldGUiOjI0MDAwMDAwMDAwMDAsInJlYWQiOjI0MDAwMDAwMDAwMDAsInVwZGF0ZSI6MzYwMDAwMDAwMDAwMH0sInNjaGVtYV92ZXJzaW9uIjoiMSJ9",
          "dependencies": [
            "google_compute_network.vpc-3",
            "google_compute_subnetwork.subnet-3"
          ]
        }
      ]
    },
    {
      "mode": "managed",
      "type": "google_container_node_pool",
      "name": "nodes_primarios",
      "provider": "provider[\"registry.terraform.io/hashicorp/google\"]",
      "instances": [
        {
          "schema_version": 1,
          "attributes": {
            "autoscaling": [],
            "cluster": "terraform-gcp-329700-test-3",
            "id": "projects/terraform-gcp-329700/locations/us-east4-a/clusters/terraform-gcp-329700-test-3/nodePools/terraform-gcp-329700-test-3-node-pool",
            "initial_node_count": 1,
            "instance_group_urls": [
              "https://www.googleapis.com/compute/v1/projects/terraform-gcp-329700/zones/us-east4-a/instanceGroupManagers/gke-terraform-gcp-32-terraform-gcp-32-eeaae30e-grp"
            ],
            "location": "us-east4-a",
            "management": [
              {
                "auto_repair": true,
                "auto_upgrade": true
              }
            ],
            "max_pods_per_node": null,
            "name": "terraform-gcp-329700-test-3-node-pool",
            "name_prefix": "",
            "node_config": [
              {
                "disk_size_gb": 100,
                "disk_type": "pd-standard",
                "guest_accelerator": [],
                "image_type": "COS_CONTAINERD",
                "labels": {
                  "env": "terraform-gcp-329700"
                },
                "local_ssd_count": 0,
                "machine_type": "e2-medium",
                "metadata": {
                  "disable-legacy-endpoints": "true"
                },
                "min_cpu_platform": "",
                "oauth_scopes": [
                  "https://www.googleapis.com/auth/logging.write",
                  "https://www.googleapis.com/auth/monitoring"
                ],
                "preemptible": false,
                "service_account": "default",
                "shielded_instance_config": [
                  {
                    "enable_integrity_monitoring": true,
                    "enable_secure_boot": false
                  }
                ],
                "tags": [
                  "gke-node",
                  "terraform-gcp-329700-test-3"
                ],
                "taint": [],
                "workload_metadata_config": []
              }
            ],
            "node_count": 1,
            "node_locations": [
              "us-east4-a"
            ],
            "project": "terraform-gcp-329700",
            "timeouts": null,
            "upgrade_settings": [
              {
                "max_surge": 1,
                "max_unavailable": 0
              }
            ],
            "version": "1.20.10-gke.301"
          },
          "sensitive_attributes": [
            [
              {
                "type": "get_attr",
                "value": "node_config"
              },
              {
                "type": "index",
                "value": {
                  "value": 0,
                  "type": "number"
                }
              },
              {
                "type": "get_attr",
                "value": "tags"
              },
              {
                "type": "index",
                "value": {
                  "value": 1,
                  "type": "number"
                }
              }
            ],
            [
              {
                "type": "get_attr",
                "value": "node_config"
              },
              {
                "type": "index",
                "value": {
                  "value": 0,
                  "type": "number"
                }
              },
              {
                "type": "get_attr",
                "value": "labels"
              },
              {
                "type": "index",
                "value": {
                  "value": "env",
                  "type": "string"
                }
              }
            ],
            [
              {
                "type": "get_attr",
                "value": "name"
              }
            ],
            [
              {
                "type": "get_attr",
                "value": "cluster"
              }
            ]
          ],
          "private": "eyJlMmJmYjczMC1lY2FhLTExZTYtOGY4OC0zNDM2M2JjN2M0YzAiOnsiY3JlYXRlIjoxODAwMDAwMDAwMDAwLCJkZWxldGUiOjE4MDAwMDAwMDAwMDAsInVwZGF0ZSI6MTgwMDAwMDAwMDAwMH0sInNjaGVtYV92ZXJzaW9uIjoiMSJ9",
          "dependencies": [
            "google_compute_network.vpc-3",
            "google_compute_subnetwork.subnet-3",
            "google_container_cluster.cluster-test-3"
          ]
        }
      ]
    }
  ]
}
