{
  "version": 4,
  "terraform_version": "1.0.9",
  "serial": 5,
  "lineage": "32b87650-db65-0c79-6f52-fc459f336304",
  "outputs": {
    "endpoint": {
      "value": "35.196.44.64",
      "type": "string"
    },
    "master_version": {
      "value": "1.20.10-gke.301",
      "type": "string"
    }
  },
  "resources": [
    {
      "mode": "managed",
      "type": "google_compute_network",
      "name": "vpc-1",
      "provider": "provider[\"registry.terraform.io/hashicorp/google\"]",
      "instances": [
        {
          "schema_version": 0,
          "attributes": {
            "auto_create_subnetworks": false,
            "delete_default_routes_on_create": false,
            "description": "",
            "gateway_ipv4": "",
            "id": "projects/terraform-gcp-329700/global/networks/terraform-gcp-329700-vpc1",
            "mtu": 0,
            "name": "terraform-gcp-329700-vpc1",
            "project": "terraform-gcp-329700",
            "routing_mode": "REGIONAL",
            "self_link": "https://www.googleapis.com/compute/v1/projects/terraform-gcp-329700/global/networks/terraform-gcp-329700-vpc1",
            "timeouts": null
          },
          "sensitive_attributes": [],
          "private": "eyJlMmJmYjczMC1lY2FhLTExZTYtOGY4OC0zNDM2M2JjN2M0YzAiOnsiY3JlYXRlIjoyNDAwMDAwMDAwMDAsImRlbGV0ZSI6MjQwMDAwMDAwMDAwLCJ1cGRhdGUiOjI0MDAwMDAwMDAwMH19"
        }
      ]
    },
    {
      "mode": "managed",
      "type": "google_compute_subnetwork",
      "name": "subnet-1",
      "provider": "provider[\"registry.terraform.io/hashicorp/google\"]",
      "instances": [
        {
          "schema_version": 0,
          "attributes": {
            "creation_timestamp": "2021-10-29T07:04:18.781-07:00",
            "description": "",
            "external_ipv6_prefix": "",
            "fingerprint": null,
            "gateway_address": "10.8.0.1",
            "id": "projects/terraform-gcp-329700/regions/us-east1/subnetworks/terraform-gcp-329700-subnet1",
            "ip_cidr_range": "10.8.0.0/24",
            "ipv6_access_type": "",
            "ipv6_cidr_range": "",
            "log_config": [],
            "name": "terraform-gcp-329700-subnet1",
            "network": "https://www.googleapis.com/compute/v1/projects/terraform-gcp-329700/global/networks/terraform-gcp-329700-vpc1",
            "private_ip_google_access": false,
            "private_ipv6_google_access": "DISABLE_GOOGLE_ACCESS",
            "project": "terraform-gcp-329700",
            "purpose": "PRIVATE",
            "region": "us-east1",
            "role": "",
            "secondary_ip_range": [],
            "self_link": "https://www.googleapis.com/compute/v1/projects/terraform-gcp-329700/regions/us-east1/subnetworks/terraform-gcp-329700-subnet1",
            "stack_type": "IPV4_ONLY",
            "timeouts": null
          },
          "sensitive_attributes": [],
          "private": "eyJlMmJmYjczMC1lY2FhLTExZTYtOGY4OC0zNDM2M2JjN2M0YzAiOnsiY3JlYXRlIjozNjAwMDAwMDAwMDAsImRlbGV0ZSI6MzYwMDAwMDAwMDAwLCJ1cGRhdGUiOjM2MDAwMDAwMDAwMH19",
          "dependencies": [
            "google_compute_network.vpc-1"
          ]
        }
      ]
    },
    {
      "mode": "managed",
      "type": "google_container_cluster",
      "name": "cluster-test-1",
      "provider": "provider[\"registry.terraform.io/hashicorp/google\"]",
      "instances": [
        {
          "schema_version": 1,
          "attributes": {
            "addons_config": [
              {
                "cloudrun_config": [],
                "horizontal_pod_autoscaling": [],
                "http_load_balancing": [],
                "network_policy_config": [
                  {
                    "disabled": true
                  }
                ]
              }
            ],
            "authenticator_groups_config": [],
            "cluster_autoscaling": [
              {
                "auto_provisioning_defaults": [],
                "enabled": false,
                "resource_limits": []
              }
            ],
            "cluster_ipv4_cidr": "10.76.0.0/14",
            "database_encryption": [
              {
                "key_name": "",
                "state": "DECRYPTED"
              }
            ],
            "datapath_provider": "",
            "default_max_pods_per_node": null,
            "default_snat_status": [
              {
                "disabled": false
              }
            ],
            "description": "Test GKE Cluster",
            "enable_autopilot": false,
            "enable_binary_authorization": false,
            "enable_intranode_visibility": false,
            "enable_kubernetes_alpha": false,
            "enable_legacy_abac": false,
            "enable_shielded_nodes": false,
            "enable_tpu": false,
            "endpoint": "35.196.44.64",
            "id": "projects/terraform-gcp-329700/locations/us-east1/clusters/cluster-test-1",
            "initial_node_count": 2,
            "instance_group_urls": [],
            "ip_allocation_policy": [],
            "label_fingerprint": "a9dc16a7",
            "location": "us-east1",
            "logging_config": [
              {
                "enable_components": [
                  "SYSTEM_COMPONENTS",
                  "WORKLOADS"
                ]
              }
            ],
            "logging_service": "logging.googleapis.com/kubernetes",
            "maintenance_policy": [],
            "master_auth": [
              {
                "client_certificate": "",
                "client_certificate_config": [
                  {
                    "issue_client_certificate": false
                  }
                ],
                "client_key": "",
                "cluster_ca_certificate": "LS0tLS1CRUdJTiBDRVJUSUZJQ0FURS0tLS0tCk1JSUVMVENDQXBXZ0F3SUJBZ0lSQUlUcE1RWGtMUk0zR2RGUEtCbUhHVmt3RFFZSktvWklodmNOQVFFTEJRQXcKTHpFdE1Dc0dBMVVFQXhNa09UWmtZemt3WkdNdE1UZ3dZaTAwTlRVNUxXRmhaVGd0TmpjMk9UTTRZMkUwTkRZMgpNQ0FYRFRJeE1UQXlPVEV6TURRME1Wb1lEekl3TlRFeE1ESXlNVFF3TkRReFdqQXZNUzB3S3dZRFZRUURFeVE1Ck5tUmpPVEJrWXkweE9EQmlMVFExTlRrdFlXRmxPQzAyTnpZNU16aGpZVFEwTmpZd2dnR2lNQTBHQ1NxR1NJYjMKRFFFQkFRVUFBNElCandBd2dnR0tBb0lCZ1FETENaWVRJcVVxZzk3elBWbENkMjdkcXEwOUNyc0JBNUZRb2IxUApWMkZIbHpmbWhub1l4VEtFQjlCL256NXNFc2N6YSt0QzRMZmFxSi9UdHpWZTQ4RUdidjRvcEJ2bEcyYy9MZmdkCjJlMWovMDlybFpLYjY5T3RmTFpVZTRrR0hZb3FJcXZyWXE0UmlYazI4N2hoZUh4NmFZaWYrejFwckhyQ1pBRmUKWG1JWU9uUTJsWitqc0JyVCs3UWt0Q1kzUTBiU0JPQ1hzcjlIdDh3cG9pT2hRc3dUeGZZSWRkYVBlbVRIaVl1eQptblVCNTdFWUJnS01VMXNDMWp3R0JoOE4rdU1nb2NQckJma2pPaGpwZld2ZDNkMThHcFpqU0xGQ1duaksxK3RuCkZldVRpd2lwR1U3OGZxTVRBNWMxVnF4eU0zakoyeUEvcGlWRFF2MThwdVg5Y0xlck51S1pjQzUydUhMeGltU3QKdGEvcmJoQ1NLVHVoQzBPYk95bEdyWmdmSUM0TFlncnBhVUZ5VTVHMlNDTDNKeE95YWhxL1FBSlRqckp2MjZzNAoyelFuLzVZeHB5SEwwUzVEZkhoVitwWlpadnpOdWdYeS9XaU5RNU9xZEdmK05nVHY1TG9WbzF6WFN1VWdhRWhtCnkvcElOZ2E1NkJ6bzB2YXgza09UQi9uT0w3c0NBd0VBQWFOQ01FQXdEZ1lEVlIwUEFRSC9CQVFEQWdJRU1BOEcKQTFVZEV3RUIvd1FGTUFNQkFmOHdIUVlEVlIwT0JCWUVGR0h3ZGpOWlcvd1lTNFZ5QXJDNUZpbmRPOGVvTUEwRwpDU3FHU0liM0RRRUJDd1VBQTRJQmdRQVVnRnpNaXBtMEkxUTRlMG1xQWwyMFdhKzJlUktBdWtFd2c4bGx2anB2CjVYelU2N0owT1dBZUUwUUlWM29qV3lFWnZxNjFzeERpc2lqWWVBU3FQWG5oRHFyTS9RNVp6QXBvU1RXVlB2RVIKbFRVWGFlZTh6dlVDMUUrMGNqcEd4bXkycjZOOHpjcEk0TERQQ01SNlRUbzZvSmFOaW1zZVVqVWNlLzh3QkErMApjZGJlVmQxNGtaajllb0RBWnVXbGw0dnhTUUU4ZEVFNDVQT2gvZTVRblJnRE5XR1NsOUVHY1JBN1cvU0dkTzRvCmMySll2MnpjaE8ySWZKNXU2RkoxSXA4MEtYMWFjeGJEaS92NSt1UEh1WFNXVm15aUFMUXJZUm9SbzI1VmlqQTMKVmxjTFhTUExlZUlMdXNZdjBjekRpc0pkdEZlSkgyZmViL0ExR0NHUlRCN0pablhFS3kzZHhMZjZrT2tXcHprMAp3T1YyQzRnMUY5T3pNSmVhNE5iMmdVTGFMa1l5VWNEQVFyR2swK1piWjlsTnRQWW1icXFVdUVHUkNzSUxQcnRsCnlVcFZFcnY2TGI4NGg3Q3F6VU5QZ28vUnZiWUp3QXZ4SXdDVGtid1FGejFGK0pxUlNUdTBUUmM5Z29IODAzVksKSkY4Y0NhMCtISVBmUWMzNGpXMWplZkE9Ci0tLS0tRU5EIENFUlRJRklDQVRFLS0tLS0K",
                "password": "",
                "username": ""
              }
            ],
            "master_authorized_networks_config": [],
            "master_version": "1.20.10-gke.301",
            "min_master_version": null,
            "monitoring_config": [
              {
                "enable_components": [
                  "SYSTEM_COMPONENTS"
                ]
              }
            ],
            "monitoring_service": "monitoring.googleapis.com/kubernetes",
            "name": "cluster-test-1",
            "network": "projects/terraform-gcp-329700/global/networks/terraform-gcp-329700-vpc1",
            "network_policy": [
              {
                "enabled": false,
                "provider": "PROVIDER_UNSPECIFIED"
              }
            ],
            "networking_mode": "ROUTES",
            "node_config": [],
            "node_locations": [
              "us-east1-b",
              "us-east1-c",
              "us-east1-d"
            ],
            "node_pool": [],
            "node_version": "1.20.10-gke.301",
            "operation": null,
            "pod_security_policy_config": [],
            "private_cluster_config": [],
            "private_ipv6_google_access": "",
            "project": "terraform-gcp-329700",
            "release_channel": [
              {
                "channel": "REGULAR"
              }
            ],
            "remove_default_node_pool": true,
            "resource_labels": null,
            "resource_usage_export_config": [],
            "self_link": "https://container.googleapis.com/v1beta1/projects/terraform-gcp-329700/locations/us-east1/clusters/cluster-test-1",
            "services_ipv4_cidr": "10.79.240.0/20",
            "subnetwork": "projects/terraform-gcp-329700/regions/us-east1/subnetworks/terraform-gcp-329700-subnet1",
            "timeouts": null,
            "tpu_ipv4_cidr_block": "",
            "vertical_pod_autoscaling": [],
            "workload_identity_config": []
          },
          "sensitive_attributes": [],
          "private": "eyJlMmJmYjczMC1lY2FhLTExZTYtOGY4OC0zNDM2M2JjN2M0YzAiOnsiY3JlYXRlIjoyNDAwMDAwMDAwMDAwLCJkZWxldGUiOjI0MDAwMDAwMDAwMDAsInJlYWQiOjI0MDAwMDAwMDAwMDAsInVwZGF0ZSI6MzYwMDAwMDAwMDAwMH0sInNjaGVtYV92ZXJzaW9uIjoiMSJ9",
          "dependencies": [
            "google_compute_network.vpc-1",
            "google_compute_subnetwork.subnet-1"
          ]
        }
      ]
    },
    {
      "mode": "managed",
      "type": "google_container_node_pool",
      "name": "node",
      "provider": "provider[\"registry.terraform.io/hashicorp/google\"]",
      "instances": [
        {
          "schema_version": 1,
          "attributes": {
            "autoscaling": [],
            "cluster": "cluster-test-1",
            "id": "projects/terraform-gcp-329700/locations/us-east1/clusters/cluster-test-1/nodePools/cluster-test-1-node-pool",
            "initial_node_count": 1,
            "instance_group_urls": [
              "https://www.googleapis.com/compute/v1/projects/terraform-gcp-329700/zones/us-east1-b/instanceGroupManagers/gke-cluster-test-1-cluster-test-1-nod-9b3600ad-grp",
              "https://www.googleapis.com/compute/v1/projects/terraform-gcp-329700/zones/us-east1-d/instanceGroupManagers/gke-cluster-test-1-cluster-test-1-nod-bd4c71ea-grp",
              "https://www.googleapis.com/compute/v1/projects/terraform-gcp-329700/zones/us-east1-c/instanceGroupManagers/gke-cluster-test-1-cluster-test-1-nod-8f0c2a96-grp"
            ],
            "location": "us-east1",
            "management": [
              {
                "auto_repair": true,
                "auto_upgrade": true
              }
            ],
            "max_pods_per_node": null,
            "name": "cluster-test-1-node-pool",
            "name_prefix": "",
            "node_config": [
              {
                "disk_size_gb": 100,
                "disk_type": "pd-standard",
                "guest_accelerator": [],
                "image_type": "COS_CONTAINERD",
                "labels": {},
                "local_ssd_count": 0,
                "machine_type": "n1-standard-1",
                "metadata": {
                  "disable-legacy-endpoints": "true"
                },
                "min_cpu_platform": "",
                "oauth_scopes": [
                  "https://www.googleapis.com/auth/logging.write",
                  "https://www.googleapis.com/auth/monitoring"
                ],
                "preemptible": true,
                "service_account": "default",
                "shielded_instance_config": [
                  {
                    "enable_integrity_monitoring": true,
                    "enable_secure_boot": false
                  }
                ],
                "tags": null,
                "taint": [],
                "workload_metadata_config": []
              }
            ],
            "node_count": 1,
            "node_locations": [
              "us-east1-b",
              "us-east1-c",
              "us-east1-d"
            ],
            "operation": null,
            "project": "terraform-gcp-329700",
            "timeouts": null,
            "upgrade_settings": [
              {
                "max_surge": 1,
                "max_unavailable": 0
              }
            ],
            "version": "1.20.10-gke.301"
          },
          "sensitive_attributes": [],
          "private": "eyJlMmJmYjczMC1lY2FhLTExZTYtOGY4OC0zNDM2M2JjN2M0YzAiOnsiY3JlYXRlIjoxODAwMDAwMDAwMDAwLCJkZWxldGUiOjE4MDAwMDAwMDAwMDAsInVwZGF0ZSI6MTgwMDAwMDAwMDAwMH0sInNjaGVtYV92ZXJzaW9uIjoiMSJ9",
          "dependencies": [
            "google_compute_network.vpc-1",
            "google_compute_subnetwork.subnet-1",
            "google_container_cluster.cluster-test-1"
          ]
        }
      ]
    }
  ]
}
