{
  "version": 4,
  "terraform_version": "1.0.9",
  "serial": 15,
  "lineage": "f9893f75-a1d0-fdc5-0748-3b7c347337aa",
  "outputs": {
    "kubernetes_cluster_host": {
      "value": "34.86.9.173",
      "type": "string",
      "sensitive": true
    },
    "kubernetes_cluster_name": {
      "value": "terraform-gcp-329700-test-2",
      "type": "string",
      "sensitive": true
    },
    "project_id": {
      "value": "terraform-gcp-329700",
      "type": "string",
      "sensitive": true
    },
    "region": {
      "value": "us-east4",
      "type": "string"
    }
  },
  "resources": [
    {
      "mode": "managed",
      "type": "google_compute_network",
      "name": "vpc-2",
      "provider": "provider[\"registry.terraform.io/hashicorp/google\"]",
      "instances": [
        {
          "schema_version": 0,
          "attributes": {
            "auto_create_subnetworks": false,
            "delete_default_routes_on_create": false,
            "description": "",
            "gateway_ipv4": "",
            "id": "projects/terraform-gcp-329700/global/networks/terraform-gcp-329700-vpc2",
            "mtu": 0,
            "name": "terraform-gcp-329700-vpc2",
            "project": "terraform-gcp-329700",
            "routing_mode": "REGIONAL",
            "self_link": "https://www.googleapis.com/compute/v1/projects/terraform-gcp-329700/global/networks/terraform-gcp-329700-vpc2",
            "timeouts": null
          },
          "sensitive_attributes": [
            [
              {
                "type": "get_attr",
                "value": "name"
              }
            ]
          ],
          "private": "eyJlMmJmYjczMC1lY2FhLTExZTYtOGY4OC0zNDM2M2JjN2M0YzAiOnsiY3JlYXRlIjoyNDAwMDAwMDAwMDAsImRlbGV0ZSI6MjQwMDAwMDAwMDAwLCJ1cGRhdGUiOjI0MDAwMDAwMDAwMH19"
        }
      ]
    },
    {
      "mode": "managed",
      "type": "google_compute_subnetwork",
      "name": "subnet-2",
      "provider": "provider[\"registry.terraform.io/hashicorp/google\"]",
      "instances": [
        {
          "schema_version": 0,
          "attributes": {
            "creation_timestamp": "2021-10-29T07:15:48.935-07:00",
            "description": "",
            "fingerprint": null,
            "gateway_address": "10.10.0.1",
            "id": "projects/terraform-gcp-329700/regions/us-east4/subnetworks/terraform-gcp-329700-subnet2",
            "ip_cidr_range": "10.10.0.0/24",
            "log_config": [],
            "name": "terraform-gcp-329700-subnet2",
            "network": "https://www.googleapis.com/compute/v1/projects/terraform-gcp-329700/global/networks/terraform-gcp-329700-vpc2",
            "private_ip_google_access": false,
            "private_ipv6_google_access": "DISABLE_GOOGLE_ACCESS",
            "project": "terraform-gcp-329700",
            "region": "us-east4",
            "secondary_ip_range": [],
            "self_link": "https://www.googleapis.com/compute/v1/projects/terraform-gcp-329700/regions/us-east4/subnetworks/terraform-gcp-329700-subnet2",
            "timeouts": null
          },
          "sensitive_attributes": [
            [
              {
                "type": "get_attr",
                "value": "name"
              }
            ],
            [
              {
                "type": "get_attr",
                "value": "network"
              }
            ]
          ],
          "private": "eyJlMmJmYjczMC1lY2FhLTExZTYtOGY4OC0zNDM2M2JjN2M0YzAiOnsiY3JlYXRlIjozNjAwMDAwMDAwMDAsImRlbGV0ZSI6MzYwMDAwMDAwMDAwLCJ1cGRhdGUiOjM2MDAwMDAwMDAwMH19",
          "dependencies": [
            "google_compute_network.vpc-2"
          ]
        }
      ]
    },
    {
      "mode": "managed",
      "type": "google_container_cluster",
      "name": "cluster-test-2",
      "provider": "provider[\"registry.terraform.io/hashicorp/google\"]",
      "instances": [
        {
          "schema_version": 1,
          "attributes": {
            "addons_config": [
              {
                "cloudrun_config": [],
                "horizontal_pod_autoscaling": [],
                "http_load_balancing": [],
                "network_policy_config": [
                  {
                    "disabled": true
                  }
                ]
              }
            ],
            "authenticator_groups_config": [],
            "cluster_autoscaling": [
              {
                "auto_provisioning_defaults": [],
                "enabled": false,
                "resource_limits": []
              }
            ],
            "cluster_ipv4_cidr": "10.132.0.0/14",
            "database_encryption": [
              {
                "key_name": "",
                "state": "DECRYPTED"
              }
            ],
            "default_max_pods_per_node": null,
            "description": "",
            "enable_binary_authorization": false,
            "enable_intranode_visibility": null,
            "enable_kubernetes_alpha": false,
            "enable_legacy_abac": false,
            "enable_shielded_nodes": false,
            "enable_tpu": null,
            "endpoint": "34.86.9.173",
            "id": "projects/terraform-gcp-329700/locations/us-east4/clusters/terraform-gcp-329700-test-2",
            "initial_node_count": 1,
            "instance_group_urls": [],
            "ip_allocation_policy": [],
            "label_fingerprint": "a9dc16a7",
            "location": "us-east4",
            "logging_service": "logging.googleapis.com/kubernetes",
            "maintenance_policy": [],
            "master_auth": [
              {
                "client_certificate": "",
                "client_certificate_config": [
                  {
                    "issue_client_certificate": false
                  }
                ],
                "client_key": "",
                "cluster_ca_certificate": "LS0tLS1CRUdJTiBDRVJUSUZJQ0FURS0tLS0tCk1JSUVMRENDQXBTZ0F3SUJBZ0lRT0JvcFVSemRSRDJvMDlwOFh1dFJQREFOQmdrcWhraUc5dzBCQVFzRkFEQXYKTVMwd0t3WURWUVFERXlSaU56Y3lZVEV6WWkxbE1qZGtMVFF6WWprdE9HRTBNaTA0TURjMFl6RTBZakEyTVRVdwpJQmNOTWpFeE1ESTVNVE14TmpBNFdoZ1BNakExTVRFd01qSXhOREUyTURoYU1DOHhMVEFyQmdOVkJBTVRKR0kzCk56SmhNVE5pTFdVeU4yUXRORE5pT1MwNFlUUXlMVGd3TnpSak1UUmlNRFl4TlRDQ0FhSXdEUVlKS29aSWh2Y04KQVFFQkJRQURnZ0dQQURDQ0FZb0NnZ0dCQU15NGpTL2Z3ZXlZV2RvVlRSMHVpT2lDSGZtN3Q3anJoeWlqc1FZYwpiTzNkTDUrUjJSS3pOd0Z3YkxqNHJScCtxR3hQZzhmVnhkRGp5RXVVdmU0UjYzOGdKRnBNWTZyOEFvN3psT3RxCmE0NWEza3BKMms1aFQwUTh0Uk5rZFEwQlZ6blhhY2NyaWZaaDR1UnB6WVdEa29vUUFkbGRnWXpFbE55b04zZFgKMVRETW1SSEl4MS94RDd0OG8wekhrMGp6R08rTWZGOHJkUUkySFRaK01uTjNCOUQ5OXdwSVZlNk4ySHg0d2RvSgpkVENqYkdVTlZsbXlKMjZBM1dBZWRuWGUwOFV4bkMyMHpydEZOZWFtd2ozSGlLSU9RbmxGQlROaXZPQXlWcGFoCkduUW9OWmxCMUg2SWlLNWRDYXJwYm5XVHN6dWFmWDhEUldhcmNZdWJzK2JDVEsvT3Z6bUxZM2dydnpnd0xiTmoKdWhtajdaNWN0QitOZWQreFpxZzZvc2J0ZGJBMUh0TlJDdlNkVTBMMjFNOXBzcGVUZjFYUGRXNDYyS3Y0NmVmdwpvYkFJWHRvWDhGekpGUWMrOXhLcnRCQnlmRWRuSWxwelRlUWt4WXhITFF3RzcyUlN4a3pmODJuWjlMY2NVMS9MCnk1b0Q0bGZUZ2NaKzl1a3VGdnAvT2JTbmd3SURBUUFCbzBJd1FEQU9CZ05WSFE4QkFmOEVCQU1DQWdRd0R3WUQKVlIwVEFRSC9CQVV3QXdFQi96QWRCZ05WSFE0RUZnUVVRR0pXa2Rab0Z5bkcxK3BXV3JtTEd6czYxYWt3RFFZSgpLb1pJaHZjTkFRRUxCUUFEZ2dHQkFNR3Z6MzFrOHh3WmZSd0Z2Yy85VkMzenViYjRJS25QYTJEV2Rvc0ZldmRIClRlVW5GVVlUSnZIZDBPbFRxNG9nNm50cSsxNm1Ca3BVMFpjQW1qS0RLQkYraThOSDd1d0o4Nm9STDJ6RGxJd0YKMlBrU3A1WUcrUm1DL2lGRW93RzhTWTdkTkJqNWtrdU9SRWdHeG56RXorQUc4NDFVSUdJT0NCVjMzUmhkWUxEVgpaVjlxbmFzUlRlVkRFRmNHYW1KYXdaNW5hQndiMkZ4UHNoY2xzWFF0L05kQU9LV2l0azZ2djQzS2d5TitLVklnCmVzd1hldlVsZzk1WjBjak8vVEhiN1B0OUVUa2MvRERmUU1xN2lMTWxkSmkrdUl3cXJQUFJDMTl6VFB6d3VrSUgKeWd5ZzR1aGxqOUFMVm9LYjMzZU0zcVlUMlpEZFNKc3FzV3BxUHZYUjQrZ0xMTWZRYzJZM3h0RktlQ2ZEbk5kNwpqV1JyODVENEJVMFBkRnRmYkJnUjJXNzBRdFo2MDVZalpoTWdldTlWMFNEV21GQUVReXovcXAzdlRWY1dlVm0vCmNtb3ZSM0hxdVdMRXFLKzRtNG1tSW03VU5EaVdOeW0zci9YaGFXMlAzRmlyTDB0bU9pWHVHWGdXWDJXVyt0SCsKNTc5QlJzdzNDNkdYaFQ4a29uT2R2dz09Ci0tLS0tRU5EIENFUlRJRklDQVRFLS0tLS0K",
                "password": "",
                "username": ""
              }
            ],
            "master_authorized_networks_config": [],
            "master_version": "1.20.10-gke.301",
            "min_master_version": null,
            "monitoring_service": "monitoring.googleapis.com/kubernetes",
            "name": "terraform-gcp-329700-test-2",
            "network": "projects/terraform-gcp-329700/global/networks/terraform-gcp-329700-vpc2",
            "network_policy": [
              {
                "enabled": false,
                "provider": "PROVIDER_UNSPECIFIED"
              }
            ],
            "node_config": [],
            "node_locations": [
              "us-east4-a",
              "us-east4-b",
              "us-east4-c"
            ],
            "node_pool": [],
            "node_version": "1.20.10-gke.301",
            "operation": null,
            "pod_security_policy_config": [],
            "private_cluster_config": [],
            "project": "terraform-gcp-329700",
            "release_channel": [
              {
                "channel": "REGULAR"
              }
            ],
            "remove_default_node_pool": true,
            "resource_labels": null,
            "resource_usage_export_config": [],
            "self_link": "https://container.googleapis.com/v1beta1/projects/terraform-gcp-329700/locations/us-east4/clusters/terraform-gcp-329700-test-2",
            "services_ipv4_cidr": "10.135.240.0/20",
            "subnetwork": "projects/terraform-gcp-329700/regions/us-east4/subnetworks/terraform-gcp-329700-subnet2",
            "timeouts": null,
            "vertical_pod_autoscaling": [],
            "workload_identity_config": []
          },
          "sensitive_attributes": [
            [
              {
                "type": "get_attr",
                "value": "name"
              }
            ],
            [
              {
                "type": "get_attr",
                "value": "network"
              }
            ],
            [
              {
                "type": "get_attr",
                "value": "subnetwork"
              }
            ]
          ],
          "private": "eyJlMmJmYjczMC1lY2FhLTExZTYtOGY4OC0zNDM2M2JjN2M0YzAiOnsiY3JlYXRlIjoyNDAwMDAwMDAwMDAwLCJkZWxldGUiOjI0MDAwMDAwMDAwMDAsInJlYWQiOjI0MDAwMDAwMDAwMDAsInVwZGF0ZSI6MzYwMDAwMDAwMDAwMH0sInNjaGVtYV92ZXJzaW9uIjoiMSJ9",
          "dependencies": [
            "google_compute_network.vpc-2",
            "google_compute_subnetwork.subnet-2"
          ]
        }
      ]
    },
    {
      "mode": "managed",
      "type": "google_container_node_pool",
      "name": "nodes_primarios",
      "provider": "provider[\"registry.terraform.io/hashicorp/google\"]",
      "instances": [
        {
          "schema_version": 1,
          "attributes": {
            "autoscaling": [],
            "cluster": "terraform-gcp-329700-test-2",
            "id": "projects/terraform-gcp-329700/locations/us-east4/clusters/terraform-gcp-329700-test-2/nodePools/terraform-gcp-329700-test-2-node-pool",
            "initial_node_count": 1,
            "instance_group_urls": [
              "https://www.googleapis.com/compute/v1/projects/terraform-gcp-329700/zones/us-east4-c/instanceGroupManagers/gke-terraform-gcp-32-terraform-gcp-32-c4499e89-grp",
              "https://www.googleapis.com/compute/v1/projects/terraform-gcp-329700/zones/us-east4-a/instanceGroupManagers/gke-terraform-gcp-32-terraform-gcp-32-b22e5767-grp",
              "https://www.googleapis.com/compute/v1/projects/terraform-gcp-329700/zones/us-east4-b/instanceGroupManagers/gke-terraform-gcp-32-terraform-gcp-32-7c864c28-grp"
            ],
            "location": "us-east4",
            "management": [
              {
                "auto_repair": true,
                "auto_upgrade": true
              }
            ],
            "max_pods_per_node": null,
            "name": "terraform-gcp-329700-test-2-node-pool",
            "name_prefix": "",
            "node_config": [
              {
                "disk_size_gb": 100,
                "disk_type": "pd-standard",
                "guest_accelerator": [],
                "image_type": "COS_CONTAINERD",
                "labels": {
                  "env": "terraform-gcp-329700"
                },
                "local_ssd_count": 0,
                "machine_type": "e2-standard-2",
                "metadata": {
                  "disable-legacy-endpoints": "true"
                },
                "min_cpu_platform": "",
                "oauth_scopes": [
                  "https://www.googleapis.com/auth/logging.write",
                  "https://www.googleapis.com/auth/monitoring"
                ],
                "preemptible": false,
                "service_account": "default",
                "shielded_instance_config": [
                  {
                    "enable_integrity_monitoring": true,
                    "enable_secure_boot": false
                  }
                ],
                "tags": [
                  "gke-node",
                  "terraform-gcp-329700-test-2"
                ],
                "taint": [],
                "workload_metadata_config": []
              }
            ],
            "node_count": 1,
            "node_locations": [
              "us-east4-a",
              "us-east4-b",
              "us-east4-c"
            ],
            "project": "terraform-gcp-329700",
            "timeouts": null,
            "upgrade_settings": [
              {
                "max_surge": 1,
                "max_unavailable": 0
              }
            ],
            "version": "1.20.10-gke.301"
          },
          "sensitive_attributes": [
            [
              {
                "type": "get_attr",
                "value": "name"
              }
            ],
            [
              {
                "type": "get_attr",
                "value": "node_config"
              },
              {
                "type": "index",
                "value": {
                  "value": 0,
                  "type": "number"
                }
              },
              {
                "type": "get_attr",
                "value": "tags"
              },
              {
                "type": "index",
                "value": {
                  "value": 1,
                  "type": "number"
                }
              }
            ],
            [
              {
                "type": "get_attr",
                "value": "node_config"
              },
              {
                "type": "index",
                "value": {
                  "value": 0,
                  "type": "number"
                }
              },
              {
                "type": "get_attr",
                "value": "labels"
              },
              {
                "type": "index",
                "value": {
                  "value": "env",
                  "type": "string"
                }
              }
            ],
            [
              {
                "type": "get_attr",
                "value": "cluster"
              }
            ]
          ],
          "private": "eyJlMmJmYjczMC1lY2FhLTExZTYtOGY4OC0zNDM2M2JjN2M0YzAiOnsiY3JlYXRlIjoxODAwMDAwMDAwMDAwLCJkZWxldGUiOjE4MDAwMDAwMDAwMDAsInVwZGF0ZSI6MTgwMDAwMDAwMDAwMH0sInNjaGVtYV92ZXJzaW9uIjoiMSJ9",
          "dependencies": [
            "google_compute_network.vpc-2",
            "google_compute_subnetwork.subnet-2",
            "google_container_cluster.cluster-test-2"
          ]
        }
      ]
    }
  ]
}
