{
  "version": 4,
  "terraform_version": "1.0.9",
  "serial": 5,
  "lineage": "f9893f75-a1d0-fdc5-0748-3b7c347337aa",
  "outputs": {
    "kubernetes_cluster_host": {
      "value": "34.86.54.113",
      "type": "string",
      "sensitive": true
    },
    "kubernetes_cluster_name": {
      "value": "terraform-gcp-329700-gke",
      "type": "string",
      "sensitive": true
    },
    "project_id": {
      "value": "terraform-gcp-329700",
      "type": "string",
      "sensitive": true
    },
    "region": {
      "value": "us-east4",
      "type": "string"
    }
  },
  "resources": [
    {
      "mode": "managed",
      "type": "google_compute_network",
      "name": "vpc",
      "provider": "provider[\"registry.terraform.io/hashicorp/google\"]",
      "instances": [
        {
          "schema_version": 0,
          "attributes": {
            "auto_create_subnetworks": false,
            "delete_default_routes_on_create": false,
            "description": "",
            "gateway_ipv4": "",
            "id": "projects/terraform-gcp-329700/global/networks/terraform-gcp-329700-vpc",
            "mtu": 0,
            "name": "terraform-gcp-329700-vpc",
            "project": "terraform-gcp-329700",
            "routing_mode": "REGIONAL",
            "self_link": "https://www.googleapis.com/compute/v1/projects/terraform-gcp-329700/global/networks/terraform-gcp-329700-vpc",
            "timeouts": null
          },
          "sensitive_attributes": [
            [
              {
                "type": "get_attr",
                "value": "name"
              }
            ]
          ],
          "private": "eyJlMmJmYjczMC1lY2FhLTExZTYtOGY4OC0zNDM2M2JjN2M0YzAiOnsiY3JlYXRlIjoyNDAwMDAwMDAwMDAsImRlbGV0ZSI6MjQwMDAwMDAwMDAwLCJ1cGRhdGUiOjI0MDAwMDAwMDAwMH19"
        }
      ]
    },
    {
      "mode": "managed",
      "type": "google_compute_subnetwork",
      "name": "subnet",
      "provider": "provider[\"registry.terraform.io/hashicorp/google\"]",
      "instances": [
        {
          "schema_version": 0,
          "attributes": {
            "creation_timestamp": "2021-10-29T05:40:00.247-07:00",
            "description": "",
            "fingerprint": null,
            "gateway_address": "10.10.0.1",
            "id": "projects/terraform-gcp-329700/regions/us-east4/subnetworks/terraform-gcp-329700-subnet",
            "ip_cidr_range": "10.10.0.0/24",
            "log_config": [],
            "name": "terraform-gcp-329700-subnet",
            "network": "https://www.googleapis.com/compute/v1/projects/terraform-gcp-329700/global/networks/terraform-gcp-329700-vpc",
            "private_ip_google_access": false,
            "private_ipv6_google_access": "DISABLE_GOOGLE_ACCESS",
            "project": "terraform-gcp-329700",
            "region": "us-east4",
            "secondary_ip_range": [],
            "self_link": "https://www.googleapis.com/compute/v1/projects/terraform-gcp-329700/regions/us-east4/subnetworks/terraform-gcp-329700-subnet",
            "timeouts": null
          },
          "sensitive_attributes": [
            [
              {
                "type": "get_attr",
                "value": "network"
              }
            ],
            [
              {
                "type": "get_attr",
                "value": "name"
              }
            ]
          ],
          "private": "eyJlMmJmYjczMC1lY2FhLTExZTYtOGY4OC0zNDM2M2JjN2M0YzAiOnsiY3JlYXRlIjozNjAwMDAwMDAwMDAsImRlbGV0ZSI6MzYwMDAwMDAwMDAwLCJ1cGRhdGUiOjM2MDAwMDAwMDAwMH19",
          "dependencies": [
            "google_compute_network.vpc"
          ]
        }
      ]
    },
    {
      "mode": "managed",
      "type": "google_container_cluster",
      "name": "test_cluster",
      "provider": "provider[\"registry.terraform.io/hashicorp/google\"]",
      "instances": [
        {
          "schema_version": 1,
          "attributes": {
            "addons_config": [
              {
                "cloudrun_config": [],
                "horizontal_pod_autoscaling": [],
                "http_load_balancing": [],
                "network_policy_config": [
                  {
                    "disabled": true
                  }
                ]
              }
            ],
            "authenticator_groups_config": [],
            "cluster_autoscaling": [
              {
                "auto_provisioning_defaults": [],
                "enabled": false,
                "resource_limits": []
              }
            ],
            "cluster_ipv4_cidr": "10.24.0.0/14",
            "database_encryption": [
              {
                "key_name": "",
                "state": "DECRYPTED"
              }
            ],
            "default_max_pods_per_node": null,
            "description": "",
            "enable_binary_authorization": false,
            "enable_intranode_visibility": null,
            "enable_kubernetes_alpha": false,
            "enable_legacy_abac": false,
            "enable_shielded_nodes": false,
            "enable_tpu": null,
            "endpoint": "34.86.54.113",
            "id": "projects/terraform-gcp-329700/locations/us-east4/clusters/terraform-gcp-329700-gke",
            "initial_node_count": 1,
            "instance_group_urls": [],
            "ip_allocation_policy": [],
            "label_fingerprint": "a9dc16a7",
            "location": "us-east4",
            "logging_service": "logging.googleapis.com/kubernetes",
            "maintenance_policy": [],
            "master_auth": [
              {
                "client_certificate": "",
                "client_certificate_config": [
                  {
                    "issue_client_certificate": false
                  }
                ],
                "client_key": "",
                "cluster_ca_certificate": "LS0tLS1CRUdJTiBDRVJUSUZJQ0FURS0tLS0tCk1JSUVMRENDQXBTZ0F3SUJBZ0lRWEZSK2psdFdFZGpGVEQrYnJLRHAvakFOQmdrcWhraUc5dzBCQVFzRkFEQXYKTVMwd0t3WURWUVFERXlReFpUWXdPV1ppWlMxaVptRTVMVFEzWmpNdE9EVm1NUzA1TkdKaFpHVXhOek00T0dZdwpJQmNOTWpFeE1ESTVNVEUwTURJNFdoZ1BNakExTVRFd01qSXhNalF3TWpoYU1DOHhMVEFyQmdOVkJBTVRKREZsCk5qQTVabUpsTFdKbVlUa3RORGRtTXkwNE5XWXhMVGswWW1Ga1pURTNNemc0WmpDQ0FhSXdEUVlKS29aSWh2Y04KQVFFQkJRQURnZ0dQQURDQ0FZb0NnZ0dCQUtvK0c1d2VPMUtUaDliVE1SWXFWanNnUjFnOVF1L3l4Y2NFeHh1SwpXbE5JVmQzQXBwRERFM2QvaC8vS1hDQU5vbDJtK2R5MERlU05mbXBJdDFjclVzK3NOZkxEblJYR1ZnNWdQVFJpCmgyMGV3MnBiZWNUVklwVTZpTWE0UnpZbDJiNVJPSW9NcXF3cEowTVR1d1NZY2g4Q2hXU0pOc3V2VlZNb0l0dnIKZEY0VThlRGVTbERqY0wyWmFOYXdwWmFaRXhtVHcrdklURVNzbS9iRmdDTng5QTFubE9yMWxPQk0yMHc0ZndHQgovWWIwcUZYRkhmc3lxeThsaGxLeGVuQkNuU2llZVVIcnNZVFZNM25PZlVyYnlNaTFCY2VzSWx5aHNwQ1hUNENLCk5LcDMzMkRqdUJtY2Uvb0xIRmlJalo3MUgzUEpiQ3J3K1JENTdxM0hVWnMrYnMyZzZ2OWhWMWNQcEo2WkE0MXcKNlltUTRUSjRYVDkrdjBiU3RXL29Od1NEdVZQTkxlV09aOHRkcW9QQ2hyQVVLckN2czhEOS93M3R0UTB2QWxqdgo2NHV3MzdObmxyZWtnNjMwWm9OdDBpNXVHMk9TdTdsZEZKQXRPaDdXWFA3ZDBDdkkwOVRxWDdvY2REYmdCc3RMCk5qdGR3SHYzeGpPUDRWUWhFelJpNlZDWkd3SURBUUFCbzBJd1FEQU9CZ05WSFE4QkFmOEVCQU1DQWdRd0R3WUQKVlIwVEFRSC9CQVV3QXdFQi96QWRCZ05WSFE0RUZnUVV1R1NQQ0oyZFJWRFkwUjNlMU41WENKcEt5UEF3RFFZSgpLb1pJaHZjTkFRRUxCUUFEZ2dHQkFKVmxZNEtRdUlSQ3ZUYUZCM0QzTlAvVlpvemJNY092bDZCU3J6UDNvU1JMCjR1RHA4QnkyaE1kUStadGtSdS9ScElPVE9QZ1Q0NDlGSk1IdnZaNmxrbDBGS1NscU82aDRyV3MxUlhQZytRRk0KWXNrYXZMNnY2VFFXcmtaVG9WdXY1bERmTm5JQmh5ZXhUNTZ3ZkI5REE3YWFMQk0vM2xkUmVjOXRUQm5YWFlzZgordmtLRTlVRFFFaDVZaHFlb0tDSG8vaEFTb0QrbEdYK3JoRHVkZExOTHZaRzdHakg5NkZFUVlrQ09oRmdIdkxqCkpFNGFIK0c2RUpQZG8vR1h4bE9KTHpwajBManI4d3dEV2RBdjlxbGhhci83N3AvbUtrK3NndTZQV1g0RjdLQW4KZWJvYTlVa0xKVnRhQ1dZcXJHb09BUWxxQ0ppS3M5Z0hJVGd4dHJHcThpbmpUYS9DWDF2ZDZsbm5PV2dWLzk0MQovWWNKMU9tR2QwTDJJaXIzNmtvZnRzZ2ErNXFiTlB3ZVVXd3RUNVJzTytNMFBzd0Jya1hpUnJXUjBOb24rZy9WCk96MnFwZ2NjYUg0OXp0cjdERElTSEVuK0dRQTZoTzJHdnI0NnE3bDk2WU13MXBjU0kwQ1hHNGxZeXlnaUh4VjcKUEl0QWlHVUpUbXpoTWRrRmxzVmpHdz09Ci0tLS0tRU5EIENFUlRJRklDQVRFLS0tLS0K",
                "password": "",
                "username": ""
              }
            ],
            "master_authorized_networks_config": [],
            "master_version": "1.20.10-gke.301",
            "min_master_version": null,
            "monitoring_service": "monitoring.googleapis.com/kubernetes",
            "name": "terraform-gcp-329700-gke",
            "network": "projects/terraform-gcp-329700/global/networks/terraform-gcp-329700-vpc",
            "network_policy": [
              {
                "enabled": false,
                "provider": "PROVIDER_UNSPECIFIED"
              }
            ],
            "node_config": [],
            "node_locations": [
              "us-east4-a",
              "us-east4-b",
              "us-east4-c"
            ],
            "node_pool": [],
            "node_version": "1.20.10-gke.301",
            "operation": null,
            "pod_security_policy_config": [],
            "private_cluster_config": [],
            "project": "terraform-gcp-329700",
            "release_channel": [
              {
                "channel": "REGULAR"
              }
            ],
            "remove_default_node_pool": true,
            "resource_labels": null,
            "resource_usage_export_config": [],
            "self_link": "https://container.googleapis.com/v1beta1/projects/terraform-gcp-329700/locations/us-east4/clusters/terraform-gcp-329700-gke",
            "services_ipv4_cidr": "10.27.240.0/20",
            "subnetwork": "projects/terraform-gcp-329700/regions/us-east4/subnetworks/terraform-gcp-329700-subnet",
            "timeouts": null,
            "vertical_pod_autoscaling": [],
            "workload_identity_config": []
          },
          "sensitive_attributes": [
            [
              {
                "type": "get_attr",
                "value": "name"
              }
            ],
            [
              {
                "type": "get_attr",
                "value": "subnetwork"
              }
            ],
            [
              {
                "type": "get_attr",
                "value": "network"
              }
            ]
          ],
          "private": "eyJlMmJmYjczMC1lY2FhLTExZTYtOGY4OC0zNDM2M2JjN2M0YzAiOnsiY3JlYXRlIjoyNDAwMDAwMDAwMDAwLCJkZWxldGUiOjI0MDAwMDAwMDAwMDAsInJlYWQiOjI0MDAwMDAwMDAwMDAsInVwZGF0ZSI6MzYwMDAwMDAwMDAwMH0sInNjaGVtYV92ZXJzaW9uIjoiMSJ9",
          "dependencies": [
            "google_compute_network.vpc",
            "google_compute_subnetwork.subnet"
          ]
        }
      ]
    },
    {
      "mode": "managed",
      "type": "google_container_node_pool",
      "name": "nodes_primarios",
      "provider": "provider[\"registry.terraform.io/hashicorp/google\"]",
      "instances": [
        {
          "schema_version": 1,
          "attributes": {
            "autoscaling": [],
            "cluster": "terraform-gcp-329700-gke",
            "id": "projects/terraform-gcp-329700/locations/us-east4/clusters/terraform-gcp-329700-gke/nodePools/terraform-gcp-329700-gke-node-pool",
            "initial_node_count": 1,
            "instance_group_urls": [
              "https://www.googleapis.com/compute/v1/projects/terraform-gcp-329700/zones/us-east4-c/instanceGroupManagers/gke-terraform-gcp-32-terraform-gcp-32-a202db2e-grp",
              "https://www.googleapis.com/compute/v1/projects/terraform-gcp-329700/zones/us-east4-b/instanceGroupManagers/gke-terraform-gcp-32-terraform-gcp-32-622deeed-grp",
              "https://www.googleapis.com/compute/v1/projects/terraform-gcp-329700/zones/us-east4-a/instanceGroupManagers/gke-terraform-gcp-32-terraform-gcp-32-f5af0aa3-grp"
            ],
            "location": "us-east4",
            "management": [
              {
                "auto_repair": true,
                "auto_upgrade": true
              }
            ],
            "max_pods_per_node": null,
            "name": "terraform-gcp-329700-gke-node-pool",
            "name_prefix": "",
            "node_config": [
              {
                "disk_size_gb": 100,
                "disk_type": "pd-standard",
                "guest_accelerator": [],
                "image_type": "COS_CONTAINERD",
                "labels": {
                  "env": "terraform-gcp-329700"
                },
                "local_ssd_count": 0,
                "machine_type": "e2-standard-2",
                "metadata": {
                  "disable-legacy-endpoints": "true"
                },
                "min_cpu_platform": "",
                "oauth_scopes": [
                  "https://www.googleapis.com/auth/logging.write",
                  "https://www.googleapis.com/auth/monitoring"
                ],
                "preemptible": false,
                "service_account": "default",
                "shielded_instance_config": [
                  {
                    "enable_integrity_monitoring": true,
                    "enable_secure_boot": false
                  }
                ],
                "tags": [
                  "gke-node",
                  "terraform-gcp-329700-gke"
                ],
                "taint": [],
                "workload_metadata_config": []
              }
            ],
            "node_count": 1,
            "node_locations": [
              "us-east4-a",
              "us-east4-b",
              "us-east4-c"
            ],
            "project": "terraform-gcp-329700",
            "timeouts": null,
            "upgrade_settings": [
              {
                "max_surge": 1,
                "max_unavailable": 0
              }
            ],
            "version": "1.20.10-gke.301"
          },
          "sensitive_attributes": [
            [
              {
                "type": "get_attr",
                "value": "cluster"
              }
            ],
            [
              {
                "type": "get_attr",
                "value": "node_config"
              },
              {
                "type": "index",
                "value": {
                  "value": 0,
                  "type": "number"
                }
              },
              {
                "type": "get_attr",
                "value": "tags"
              },
              {
                "type": "index",
                "value": {
                  "value": 1,
                  "type": "number"
                }
              }
            ],
            [
              {
                "type": "get_attr",
                "value": "node_config"
              },
              {
                "type": "index",
                "value": {
                  "value": 0,
                  "type": "number"
                }
              },
              {
                "type": "get_attr",
                "value": "labels"
              },
              {
                "type": "index",
                "value": {
                  "value": "env",
                  "type": "string"
                }
              }
            ],
            [
              {
                "type": "get_attr",
                "value": "name"
              }
            ]
          ],
          "private": "eyJlMmJmYjczMC1lY2FhLTExZTYtOGY4OC0zNDM2M2JjN2M0YzAiOnsiY3JlYXRlIjoxODAwMDAwMDAwMDAwLCJkZWxldGUiOjE4MDAwMDAwMDAwMDAsInVwZGF0ZSI6MTgwMDAwMDAwMDAwMH0sInNjaGVtYV92ZXJzaW9uIjoiMSJ9",
          "dependencies": [
            "google_compute_network.vpc",
            "google_compute_subnetwork.subnet",
            "google_container_cluster.test_cluster"
          ]
        }
      ]
    }
  ]
}
